// !$*UTF8*$!
{
	archiveVersion = 1;
	classes = {
	};
	objectVersion = 46;
	objects = {

/* Begin PBXBuildFile section */
		C9C16E0F1DD1950700A5244A /* libsqlite3.tbd in Frameworks */ = {isa = PBXBuildFile; fileRef = C9C16E0E1DD1950700A5244A /* libsqlite3.tbd */; };
		F0259CDA1DCD645D00D5600C /* Assets.xcassets in Resources */ = {isa = PBXBuildFile; fileRef = F0259CD91DCD645D00D5600C /* Assets.xcassets */; };
		F0259CDD1DCD645D00D5600C /* LaunchScreen.storyboard in Resources */ = {isa = PBXBuildFile; fileRef = F0259CDB1DCD645D00D5600C /* LaunchScreen.storyboard */; };
		F0259CE81DCD645D00D5600C /* WNToolsTests.m in Sources */ = {isa = PBXBuildFile; fileRef = F0259CE71DCD645D00D5600C /* WNToolsTests.m */; };
		F0259CF31DCD645D00D5600C /* WNToolsUITests.m in Sources */ = {isa = PBXBuildFile; fileRef = F0259CF21DCD645D00D5600C /* WNToolsUITests.m */; };
		F0B8D95D1DD598EE00ECD74F /* WNAppDelegate.m in Sources */ = {isa = PBXBuildFile; fileRef = F0B8D95C1DD598EE00ECD74F /* WNAppDelegate.m */; };
		F0B8D9941DD5998400ECD74F /* WNInfoViewController.m in Sources */ = {isa = PBXBuildFile; fileRef = F0B8D9681DD5998400ECD74F /* WNInfoViewController.m */; };
		F0B8D9951DD5998400ECD74F /* WNMyResourceViewController.m in Sources */ = {isa = PBXBuildFile; fileRef = F0B8D96B1DD5998400ECD74F /* WNMyResourceViewController.m */; };
		F0B8D9961DD5998400ECD74F /* WNLoginViewController.m in Sources */ = {isa = PBXBuildFile; fileRef = F0B8D9701DD5998400ECD74F /* WNLoginViewController.m */; };
		F0B8D9971DD5998400ECD74F /* WNLoginView.m in Sources */ = {isa = PBXBuildFile; fileRef = F0B8D9741DD5998400ECD74F /* WNLoginView.m */; };
		F0B8D9981DD5998400ECD74F /* WNMovieListViewController.m in Sources */ = {isa = PBXBuildFile; fileRef = F0B8D9781DD5998400ECD74F /* WNMovieListViewController.m */; };
		F0B8D9991DD5998400ECD74F /* WNMovieViewController.m in Sources */ = {isa = PBXBuildFile; fileRef = F0B8D97A1DD5998400ECD74F /* WNMovieViewController.m */; };
		F0B8D99A1DD5998400ECD74F /* WNNovelListViewController.m in Sources */ = {isa = PBXBuildFile; fileRef = F0B8D9801DD5998400ECD74F /* WNNovelListViewController.m */; };
		F0B8D99B1DD5998400ECD74F /* WNNovelViewController.m in Sources */ = {isa = PBXBuildFile; fileRef = F0B8D9821DD5998400ECD74F /* WNNovelViewController.m */; };
		F0B8D99C1DD5998400ECD74F /* WNSongListViewController.m in Sources */ = {isa = PBXBuildFile; fileRef = F0B8D9881DD5998400ECD74F /* WNSongListViewController.m */; };
		F0B8D99D1DD5998400ECD74F /* WNSongPlayerViewController.m in Sources */ = {isa = PBXBuildFile; fileRef = F0B8D98A1DD5998400ECD74F /* WNSongPlayerViewController.m */; };
		F0B8D99E1DD5998400ECD74F /* WNLrcParser.m in Sources */ = {isa = PBXBuildFile; fileRef = F0B8D98D1DD5998400ECD74F /* WNLrcParser.m */; };
		F0B8D99F1DD5998400ECD74F /* WNStartUploadViewController.m in Sources */ = {isa = PBXBuildFile; fileRef = F0B8D9911DD5998400ECD74F /* WNStartUploadViewController.m */; };
		F0B8D9A01DD5998400ECD74F /* WNUploadViewController.m in Sources */ = {isa = PBXBuildFile; fileRef = F0B8D9931DD5998400ECD74F /* WNUploadViewController.m */; };
		F0B8D9BD1DD5998E00ECD74F /* WNNavigationController.m in Sources */ = {isa = PBXBuildFile; fileRef = F0B8D9A41DD5998E00ECD74F /* WNNavigationController.m */; };
		F0B8D9BE1DD5998E00ECD74F /* WNTabbarController.m in Sources */ = {isa = PBXBuildFile; fileRef = F0B8D9A61DD5998E00ECD74F /* WNTabbarController.m */; };
		F0B8D9BF1DD5998E00ECD74F /* WNDatebaseManager.m in Sources */ = {isa = PBXBuildFile; fileRef = F0B8D9A91DD5998E00ECD74F /* WNDatebaseManager.m */; };
		F0B8D9C01DD5998E00ECD74F /* WN_Style1_Button.m in Sources */ = {isa = PBXBuildFile; fileRef = F0B8D9AD1DD5998E00ECD74F /* WN_Style1_Button.m */; };
		F0B8D9C11DD5998E00ECD74F /* WN_Style1_TextField.m in Sources */ = {isa = PBXBuildFile; fileRef = F0B8D9B01DD5998E00ECD74F /* WN_Style1_TextField.m */; };
		F0B8D9C21DD5998E00ECD74F /* WNHttpServer.m in Sources */ = {isa = PBXBuildFile; fileRef = F0B8D9B31DD5998E00ECD74F /* WNHttpServer.m */; };
		F0B8D9C31DD5998E00ECD74F /* AsyncSocket.m in Sources */ = {isa = PBXBuildFile; fileRef = F0B8D9BA1DD5998E00ECD74F /* AsyncSocket.m */; settings = {COMPILER_FLAGS = "-fno-objc-arc"; }; };
		F0B8D9C41DD5998E00ECD74F /* AsyncUdpSocket.m in Sources */ = {isa = PBXBuildFile; fileRef = F0B8D9BC1DD5998E00ECD74F /* AsyncUdpSocket.m */; settings = {COMPILER_FLAGS = "-fno-objc-arc"; }; };
		F0B8D9D11DD59E0E00ECD74F /* Info.plist in Resources */ = {isa = PBXBuildFile; fileRef = F0B8D9D01DD59E0E00ECD74F /* Info.plist */; };
		F0B8D9D31DD59E2500ECD74F /* main.m in Sources */ = {isa = PBXBuildFile; fileRef = F0B8D9D21DD59E2500ECD74F /* main.m */; };
		F0B8D9D91DD59E4C00ECD74F /* 123.lrc in Resources */ = {isa = PBXBuildFile; fileRef = F0B8D9D51DD59E4C00ECD74F /* 123.lrc */; };
		F0B8D9DA1DD59E4C00ECD74F /* 123.mp3 in Resources */ = {isa = PBXBuildFile; fileRef = F0B8D9D61DD59E4C00ECD74F /* 123.mp3 */; };
		F0B8D9DB1DD59E4C00ECD74F /* index.html in Resources */ = {isa = PBXBuildFile; fileRef = F0B8D9D71DD59E4C00ECD74F /* index.html */; };
		F0B8D9DC1DD59E4C00ECD74F /* test.mp4 in Resources */ = {isa = PBXBuildFile; fileRef = F0B8D9D81DD59E4C00ECD74F /* test.mp4 */; };
		F0B8D9DF1DD59F6800ECD74F /* WNGlobConstant.m in Sources */ = {isa = PBXBuildFile; fileRef = F0B8D9DE1DD59F6800ECD74F /* WNGlobConstant.m */; };
/* End PBXBuildFile section */

/* Begin PBXContainerItemProxy section */
		F0259CE41DCD645D00D5600C /* PBXContainerItemProxy */ = {
			isa = PBXContainerItemProxy;
			containerPortal = F0259CC21DCD645D00D5600C /* Project object */;
			proxyType = 1;
			remoteGlobalIDString = F0259CC91DCD645D00D5600C;
			remoteInfo = WNTools;
		};
		F0259CEF1DCD645D00D5600C /* PBXContainerItemProxy */ = {
			isa = PBXContainerItemProxy;
			containerPortal = F0259CC21DCD645D00D5600C /* Project object */;
			proxyType = 1;
			remoteGlobalIDString = F0259CC91DCD645D00D5600C;
			remoteInfo = WNTools;
		};
/* End PBXContainerItemProxy section */

/* Begin PBXFileReference section */
		C9C16E0E1DD1950700A5244A /* libsqlite3.tbd */ = {isa = PBXFileReference; lastKnownFileType = "sourcecode.text-based-dylib-definition"; name = libsqlite3.tbd; path = usr/lib/libsqlite3.tbd; sourceTree = SDKROOT; };
		F0259CCA1DCD645D00D5600C /* WNTools.app */ = {isa = PBXFileReference; explicitFileType = wrapper.application; includeInIndex = 0; path = WNTools.app; sourceTree = BUILT_PRODUCTS_DIR; };
		F0259CD91DCD645D00D5600C /* Assets.xcassets */ = {isa = PBXFileReference; lastKnownFileType = folder.assetcatalog; path = Assets.xcassets; sourceTree = "<group>"; };
		F0259CDC1DCD645D00D5600C /* Base */ = {isa = PBXFileReference; lastKnownFileType = file.storyboard; name = Base; path = Base.lproj/LaunchScreen.storyboard; sourceTree = "<group>"; };
		F0259CE31DCD645D00D5600C /* WNToolsTests.xctest */ = {isa = PBXFileReference; explicitFileType = wrapper.cfbundle; includeInIndex = 0; path = WNToolsTests.xctest; sourceTree = BUILT_PRODUCTS_DIR; };
		F0259CE71DCD645D00D5600C /* WNToolsTests.m */ = {isa = PBXFileReference; lastKnownFileType = sourcecode.c.objc; path = WNToolsTests.m; sourceTree = "<group>"; };
		F0259CE91DCD645D00D5600C /* Info.plist */ = {isa = PBXFileReference; lastKnownFileType = text.plist.xml; path = Info.plist; sourceTree = "<group>"; };
		F0259CEE1DCD645D00D5600C /* WNToolsUITests.xctest */ = {isa = PBXFileReference; explicitFileType = wrapper.cfbundle; includeInIndex = 0; path = WNToolsUITests.xctest; sourceTree = BUILT_PRODUCTS_DIR; };
		F0259CF21DCD645D00D5600C /* WNToolsUITests.m */ = {isa = PBXFileReference; lastKnownFileType = sourcecode.c.objc; path = WNToolsUITests.m; sourceTree = "<group>"; };
		F0259CF41DCD645D00D5600C /* Info.plist */ = {isa = PBXFileReference; lastKnownFileType = text.plist.xml; path = Info.plist; sourceTree = "<group>"; };
		F0B8D95B1DD598EE00ECD74F /* WNAppDelegate.h */ = {isa = PBXFileReference; fileEncoding = 4; lastKnownFileType = sourcecode.c.h; path = WNAppDelegate.h; sourceTree = "<group>"; };
		F0B8D95C1DD598EE00ECD74F /* WNAppDelegate.m */ = {isa = PBXFileReference; fileEncoding = 4; lastKnownFileType = sourcecode.c.objc; path = WNAppDelegate.m; sourceTree = "<group>"; };
		F0B8D9671DD5998400ECD74F /* WNInfoViewController.h */ = {isa = PBXFileReference; fileEncoding = 4; lastKnownFileType = sourcecode.c.h; path = WNInfoViewController.h; sourceTree = "<group>"; };
		F0B8D9681DD5998400ECD74F /* WNInfoViewController.m */ = {isa = PBXFileReference; fileEncoding = 4; lastKnownFileType = sourcecode.c.objc; path = WNInfoViewController.m; sourceTree = "<group>"; };
		F0B8D96A1DD5998400ECD74F /* WNMyResourceViewController.h */ = {isa = PBXFileReference; fileEncoding = 4; lastKnownFileType = sourcecode.c.h; path = WNMyResourceViewController.h; sourceTree = "<group>"; };
		F0B8D96B1DD5998400ECD74F /* WNMyResourceViewController.m */ = {isa = PBXFileReference; fileEncoding = 4; lastKnownFileType = sourcecode.c.objc; path = WNMyResourceViewController.m; sourceTree = "<group>"; };
		F0B8D96F1DD5998400ECD74F /* WNLoginViewController.h */ = {isa = PBXFileReference; fileEncoding = 4; lastKnownFileType = sourcecode.c.h; path = WNLoginViewController.h; sourceTree = "<group>"; };
		F0B8D9701DD5998400ECD74F /* WNLoginViewController.m */ = {isa = PBXFileReference; fileEncoding = 4; lastKnownFileType = sourcecode.c.objc; path = WNLoginViewController.m; sourceTree = "<group>"; };
		F0B8D9731DD5998400ECD74F /* WNLoginView.h */ = {isa = PBXFileReference; fileEncoding = 4; lastKnownFileType = sourcecode.c.h; path = WNLoginView.h; sourceTree = "<group>"; };
		F0B8D9741DD5998400ECD74F /* WNLoginView.m */ = {isa = PBXFileReference; fileEncoding = 4; lastKnownFileType = sourcecode.c.objc; path = WNLoginView.m; sourceTree = "<group>"; };
		F0B8D9771DD5998400ECD74F /* WNMovieListViewController.h */ = {isa = PBXFileReference; fileEncoding = 4; lastKnownFileType = sourcecode.c.h; path = WNMovieListViewController.h; sourceTree = "<group>"; };
		F0B8D9781DD5998400ECD74F /* WNMovieListViewController.m */ = {isa = PBXFileReference; fileEncoding = 4; lastKnownFileType = sourcecode.c.objc; path = WNMovieListViewController.m; sourceTree = "<group>"; };
		F0B8D9791DD5998400ECD74F /* WNMovieViewController.h */ = {isa = PBXFileReference; fileEncoding = 4; lastKnownFileType = sourcecode.c.h; path = WNMovieViewController.h; sourceTree = "<group>"; };
		F0B8D97A1DD5998400ECD74F /* WNMovieViewController.m */ = {isa = PBXFileReference; fileEncoding = 4; lastKnownFileType = sourcecode.c.objc; path = WNMovieViewController.m; sourceTree = "<group>"; };
		F0B8D97F1DD5998400ECD74F /* WNNovelListViewController.h */ = {isa = PBXFileReference; fileEncoding = 4; lastKnownFileType = sourcecode.c.h; path = WNNovelListViewController.h; sourceTree = "<group>"; };
		F0B8D9801DD5998400ECD74F /* WNNovelListViewController.m */ = {isa = PBXFileReference; fileEncoding = 4; lastKnownFileType = sourcecode.c.objc; path = WNNovelListViewController.m; sourceTree = "<group>"; };
		F0B8D9811DD5998400ECD74F /* WNNovelViewController.h */ = {isa = PBXFileReference; fileEncoding = 4; lastKnownFileType = sourcecode.c.h; path = WNNovelViewController.h; sourceTree = "<group>"; };
		F0B8D9821DD5998400ECD74F /* WNNovelViewController.m */ = {isa = PBXFileReference; fileEncoding = 4; lastKnownFileType = sourcecode.c.objc; path = WNNovelViewController.m; sourceTree = "<group>"; };
		F0B8D9871DD5998400ECD74F /* WNSongListViewController.h */ = {isa = PBXFileReference; fileEncoding = 4; lastKnownFileType = sourcecode.c.h; path = WNSongListViewController.h; sourceTree = "<group>"; };
		F0B8D9881DD5998400ECD74F /* WNSongListViewController.m */ = {isa = PBXFileReference; fileEncoding = 4; lastKnownFileType = sourcecode.c.objc; path = WNSongListViewController.m; sourceTree = "<group>"; };
		F0B8D9891DD5998400ECD74F /* WNSongPlayerViewController.h */ = {isa = PBXFileReference; fileEncoding = 4; lastKnownFileType = sourcecode.c.h; path = WNSongPlayerViewController.h; sourceTree = "<group>"; };
		F0B8D98A1DD5998400ECD74F /* WNSongPlayerViewController.m */ = {isa = PBXFileReference; fileEncoding = 4; lastKnownFileType = sourcecode.c.objc; path = WNSongPlayerViewController.m; sourceTree = "<group>"; };
		F0B8D98C1DD5998400ECD74F /* WNLrcParser.h */ = {isa = PBXFileReference; fileEncoding = 4; lastKnownFileType = sourcecode.c.h; path = WNLrcParser.h; sourceTree = "<group>"; };
		F0B8D98D1DD5998400ECD74F /* WNLrcParser.m */ = {isa = PBXFileReference; fileEncoding = 4; lastKnownFileType = sourcecode.c.objc; path = WNLrcParser.m; sourceTree = "<group>"; };
		F0B8D9901DD5998400ECD74F /* WNStartUploadViewController.h */ = {isa = PBXFileReference; fileEncoding = 4; lastKnownFileType = sourcecode.c.h; path = WNStartUploadViewController.h; sourceTree = "<group>"; };
		F0B8D9911DD5998400ECD74F /* WNStartUploadViewController.m */ = {isa = PBXFileReference; fileEncoding = 4; lastKnownFileType = sourcecode.c.objc; path = WNStartUploadViewController.m; sourceTree = "<group>"; };
		F0B8D9921DD5998400ECD74F /* WNUploadViewController.h */ = {isa = PBXFileReference; fileEncoding = 4; lastKnownFileType = sourcecode.c.h; path = WNUploadViewController.h; sourceTree = "<group>"; };
		F0B8D9931DD5998400ECD74F /* WNUploadViewController.m */ = {isa = PBXFileReference; fileEncoding = 4; lastKnownFileType = sourcecode.c.objc; path = WNUploadViewController.m; sourceTree = "<group>"; };
		F0B8D9A31DD5998E00ECD74F /* WNNavigationController.h */ = {isa = PBXFileReference; fileEncoding = 4; lastKnownFileType = sourcecode.c.h; path = WNNavigationController.h; sourceTree = "<group>"; };
		F0B8D9A41DD5998E00ECD74F /* WNNavigationController.m */ = {isa = PBXFileReference; fileEncoding = 4; lastKnownFileType = sourcecode.c.objc; path = WNNavigationController.m; sourceTree = "<group>"; };
		F0B8D9A51DD5998E00ECD74F /* WNTabbarController.h */ = {isa = PBXFileReference; fileEncoding = 4; lastKnownFileType = sourcecode.c.h; path = WNTabbarController.h; sourceTree = "<group>"; };
		F0B8D9A61DD5998E00ECD74F /* WNTabbarController.m */ = {isa = PBXFileReference; fileEncoding = 4; lastKnownFileType = sourcecode.c.objc; path = WNTabbarController.m; sourceTree = "<group>"; };
		F0B8D9A81DD5998E00ECD74F /* WNDatebaseManager.h */ = {isa = PBXFileReference; fileEncoding = 4; lastKnownFileType = sourcecode.c.h; path = WNDatebaseManager.h; sourceTree = "<group>"; };
		F0B8D9A91DD5998E00ECD74F /* WNDatebaseManager.m */ = {isa = PBXFileReference; fileEncoding = 4; lastKnownFileType = sourcecode.c.objc; path = WNDatebaseManager.m; sourceTree = "<group>"; };
		F0B8D9AC1DD5998E00ECD74F /* WN_Style1_Button.h */ = {isa = PBXFileReference; fileEncoding = 4; lastKnownFileType = sourcecode.c.h; path = WN_Style1_Button.h; sourceTree = "<group>"; };
		F0B8D9AD1DD5998E00ECD74F /* WN_Style1_Button.m */ = {isa = PBXFileReference; fileEncoding = 4; lastKnownFileType = sourcecode.c.objc; path = WN_Style1_Button.m; sourceTree = "<group>"; };
		F0B8D9AF1DD5998E00ECD74F /* WN_Style1_TextField.h */ = {isa = PBXFileReference; fileEncoding = 4; lastKnownFileType = sourcecode.c.h; path = WN_Style1_TextField.h; sourceTree = "<group>"; };
		F0B8D9B01DD5998E00ECD74F /* WN_Style1_TextField.m */ = {isa = PBXFileReference; fileEncoding = 4; lastKnownFileType = sourcecode.c.objc; path = WN_Style1_TextField.m; sourceTree = "<group>"; };
		F0B8D9B21DD5998E00ECD74F /* WNHttpServer.h */ = {isa = PBXFileReference; fileEncoding = 4; lastKnownFileType = sourcecode.c.h; path = WNHttpServer.h; sourceTree = "<group>"; };
		F0B8D9B31DD5998E00ECD74F /* WNHttpServer.m */ = {isa = PBXFileReference; fileEncoding = 4; lastKnownFileType = sourcecode.c.objc; path = WNHttpServer.m; sourceTree = "<group>"; };
		F0B8D9B51DD5998E00ECD74F /* PrefixHeader.pch */ = {isa = PBXFileReference; fileEncoding = 4; lastKnownFileType = sourcecode.c.h; path = PrefixHeader.pch; sourceTree = "<group>"; };
		F0B8D9B61DD5998E00ECD74F /* WNServer.h */ = {isa = PBXFileReference; fileEncoding = 4; lastKnownFileType = sourcecode.c.h; path = WNServer.h; sourceTree = "<group>"; };
		F0B8D9B71DD5998E00ECD74F /* WNSizeHeader.h */ = {isa = PBXFileReference; fileEncoding = 4; lastKnownFileType = sourcecode.c.h; path = WNSizeHeader.h; sourceTree = "<group>"; };
		F0B8D9B91DD5998E00ECD74F /* AsyncSocket.h */ = {isa = PBXFileReference; fileEncoding = 4; lastKnownFileType = sourcecode.c.h; path = AsyncSocket.h; sourceTree = "<group>"; };
		F0B8D9BA1DD5998E00ECD74F /* AsyncSocket.m */ = {isa = PBXFileReference; fileEncoding = 4; lastKnownFileType = sourcecode.c.objc; path = AsyncSocket.m; sourceTree = "<group>"; };
		F0B8D9BB1DD5998E00ECD74F /* AsyncUdpSocket.h */ = {isa = PBXFileReference; fileEncoding = 4; lastKnownFileType = sourcecode.c.h; path = AsyncUdpSocket.h; sourceTree = "<group>"; };
		F0B8D9BC1DD5998E00ECD74F /* AsyncUdpSocket.m */ = {isa = PBXFileReference; fileEncoding = 4; lastKnownFileType = sourcecode.c.objc; path = AsyncUdpSocket.m; sourceTree = "<group>"; };
		F0B8D9D01DD59E0E00ECD74F /* Info.plist */ = {isa = PBXFileReference; fileEncoding = 4; lastKnownFileType = text.plist.xml; path = Info.plist; sourceTree = "<group>"; };
		F0B8D9D21DD59E2500ECD74F /* main.m */ = {isa = PBXFileReference; fileEncoding = 4; lastKnownFileType = sourcecode.c.objc; path = main.m; sourceTree = "<group>"; };
		F0B8D9D51DD59E4C00ECD74F /* 123.lrc */ = {isa = PBXFileReference; fileEncoding = 4; lastKnownFileType = text; path = 123.lrc; sourceTree = "<group>"; };
		F0B8D9D61DD59E4C00ECD74F /* 123.mp3 */ = {isa = PBXFileReference; lastKnownFileType = audio.mp3; path = 123.mp3; sourceTree = "<group>"; };
		F0B8D9D71DD59E4C00ECD74F /* index.html */ = {isa = PBXFileReference; fileEncoding = 4; lastKnownFileType = text.html; path = index.html; sourceTree = "<group>"; };
		F0B8D9D81DD59E4C00ECD74F /* test.mp4 */ = {isa = PBXFileReference; lastKnownFileType = file; path = test.mp4; sourceTree = "<group>"; };
		F0B8D9DD1DD59F6800ECD74F /* WNGlobConstant.h */ = {isa = PBXFileReference; fileEncoding = 4; lastKnownFileType = sourcecode.c.h; path = WNGlobConstant.h; sourceTree = "<group>"; };
		F0B8D9DE1DD59F6800ECD74F /* WNGlobConstant.m */ = {isa = PBXFileReference; fileEncoding = 4; lastKnownFileType = sourcecode.c.objc; path = WNGlobConstant.m; sourceTree = "<group>"; };
/* End PBXFileReference section */

/* Begin PBXFrameworksBuildPhase section */
		F0259CC71DCD645D00D5600C /* Frameworks */ = {
			isa = PBXFrameworksBuildPhase;
			buildActionMask = 2147483647;
			files = (
				C9C16E0F1DD1950700A5244A /* libsqlite3.tbd in Frameworks */,
			);
			runOnlyForDeploymentPostprocessing = 0;
		};
		F0259CE01DCD645D00D5600C /* Frameworks */ = {
			isa = PBXFrameworksBuildPhase;
			buildActionMask = 2147483647;
			files = (
			);
			runOnlyForDeploymentPostprocessing = 0;
		};
		F0259CEB1DCD645D00D5600C /* Frameworks */ = {
			isa = PBXFrameworksBuildPhase;
			buildActionMask = 2147483647;
			files = (
			);
			runOnlyForDeploymentPostprocessing = 0;
		};
/* End PBXFrameworksBuildPhase section */

/* Begin PBXGroup section */
		C9C16E0D1DD1950700A5244A /* Frameworks */ = {
			isa = PBXGroup;
			children = (
				C9C16E0E1DD1950700A5244A /* libsqlite3.tbd */,
			);
			name = Frameworks;
			sourceTree = "<group>";
		};
		F0259CC11DCD645D00D5600C = {
			isa = PBXGroup;
			children = (
				F0259CCC1DCD645D00D5600C /* WNTools */,
				F0259CE61DCD645D00D5600C /* WNToolsTests */,
				F0259CF11DCD645D00D5600C /* WNToolsUITests */,
				F0259CCB1DCD645D00D5600C /* Products */,
				C9C16E0D1DD1950700A5244A /* Frameworks */,
			);
			sourceTree = "<group>";
		};
		F0259CCB1DCD645D00D5600C /* Products */ = {
			isa = PBXGroup;
			children = (
				F0259CCA1DCD645D00D5600C /* WNTools.app */,
				F0259CE31DCD645D00D5600C /* WNToolsTests.xctest */,
				F0259CEE1DCD645D00D5600C /* WNToolsUITests.xctest */,
			);
			name = Products;
			sourceTree = "<group>";
		};
		F0259CCC1DCD645D00D5600C /* WNTools */ = {
			isa = PBXGroup;
			children = (
				F0B8D95A1DD598EE00ECD74F /* appdelegate */,
				F0B8D9A11DD5998E00ECD74F /* commont */,
				F0B8D9651DD5998400ECD74F /* class */,
				F0B8D9C71DD59DBD00ECD74F /* other */,
				F0259CCD1DCD645D00D5600C /* Supporting Files */,
			);
			path = WNTools;
			sourceTree = "<group>";
		};
		F0259CCD1DCD645D00D5600C /* Supporting Files */ = {
			isa = PBXGroup;
			children = (
				F0259CDB1DCD645D00D5600C /* LaunchScreen.storyboard */,
				F0259CD91DCD645D00D5600C /* Assets.xcassets */,
				F0B8D9D21DD59E2500ECD74F /* main.m */,
				F0B8D9D01DD59E0E00ECD74F /* Info.plist */,
			);
			name = "Supporting Files";
			sourceTree = "<group>";
		};
		F0259CE61DCD645D00D5600C /* WNToolsTests */ = {
			isa = PBXGroup;
			children = (
				F0259CE71DCD645D00D5600C /* WNToolsTests.m */,
				F0259CE91DCD645D00D5600C /* Info.plist */,
			);
			path = WNToolsTests;
			sourceTree = "<group>";
		};
		F0259CF11DCD645D00D5600C /* WNToolsUITests */ = {
			isa = PBXGroup;
			children = (
				F0259CF21DCD645D00D5600C /* WNToolsUITests.m */,
				F0259CF41DCD645D00D5600C /* Info.plist */,
			);
			path = WNToolsUITests;
			sourceTree = "<group>";
		};
		F0B8D95A1DD598EE00ECD74F /* appdelegate */ = {
			isa = PBXGroup;
			children = (
				F0B8D95B1DD598EE00ECD74F /* WNAppDelegate.h */,
				F0B8D95C1DD598EE00ECD74F /* WNAppDelegate.m */,
			);
			path = appdelegate;
			sourceTree = "<group>";
		};
		F0B8D9651DD5998400ECD74F /* class */ = {
			isa = PBXGroup;
			children = (
				F0B8D96C1DD5998400ECD74F /* pulicController */,
				F0B8D9661DD5998400ECD74F /* information */,
				F0B8D9691DD5998400ECD74F /* myResource */,
				F0B8D98F1DD5998400ECD74F /* upload */,
			);
			path = class;
			sourceTree = "<group>";
		};
		F0B8D9661DD5998400ECD74F /* information */ = {
			isa = PBXGroup;
			children = (
				F0B8D9671DD5998400ECD74F /* WNInfoViewController.h */,
				F0B8D9681DD5998400ECD74F /* WNInfoViewController.m */,
			);
			path = information;
			sourceTree = "<group>";
		};
		F0B8D9691DD5998400ECD74F /* myResource */ = {
			isa = PBXGroup;
			children = (
				F0B8D96A1DD5998400ECD74F /* WNMyResourceViewController.h */,
				F0B8D96B1DD5998400ECD74F /* WNMyResourceViewController.m */,
			);
			path = myResource;
			sourceTree = "<group>";
		};
		F0B8D96C1DD5998400ECD74F /* pulicController */ = {
			isa = PBXGroup;
			children = (
				F0B8D96D1DD5998400ECD74F /* login */,
				F0B8D9751DD5998400ECD74F /* movie */,
				F0B8D97D1DD5998400ECD74F /* read */,
				F0B8D9851DD5998400ECD74F /* song */,
			);
			path = pulicController;
			sourceTree = "<group>";
		};
		F0B8D96D1DD5998400ECD74F /* login */ = {
			isa = PBXGroup;
			children = (
				F0B8D96E1DD5998400ECD74F /* controller */,
				F0B8D9711DD5998400ECD74F /* model */,
				F0B8D9721DD5998400ECD74F /* view */,
			);
			path = login;
			sourceTree = "<group>";
		};
		F0B8D96E1DD5998400ECD74F /* controller */ = {
			isa = PBXGroup;
			children = (
				F0B8D96F1DD5998400ECD74F /* WNLoginViewController.h */,
				F0B8D9701DD5998400ECD74F /* WNLoginViewController.m */,
			);
			path = controller;
			sourceTree = "<group>";
		};
		F0B8D9711DD5998400ECD74F /* model */ = {
			isa = PBXGroup;
			children = (
			);
			path = model;
			sourceTree = "<group>";
		};
		F0B8D9721DD5998400ECD74F /* view */ = {
			isa = PBXGroup;
			children = (
				F0B8D9731DD5998400ECD74F /* WNLoginView.h */,
				F0B8D9741DD5998400ECD74F /* WNLoginView.m */,
			);
			path = view;
			sourceTree = "<group>";
		};
		F0B8D9751DD5998400ECD74F /* movie */ = {
			isa = PBXGroup;
			children = (
				F0B8D9761DD5998400ECD74F /* controller */,
				F0B8D97B1DD5998400ECD74F /* model */,
				F0B8D97C1DD5998400ECD74F /* view */,
			);
			path = movie;
			sourceTree = "<group>";
		};
		F0B8D9761DD5998400ECD74F /* controller */ = {
			isa = PBXGroup;
			children = (
				F0B8D9771DD5998400ECD74F /* WNMovieListViewController.h */,
				F0B8D9781DD5998400ECD74F /* WNMovieListViewController.m */,
				F0B8D9791DD5998400ECD74F /* WNMovieViewController.h */,
				F0B8D97A1DD5998400ECD74F /* WNMovieViewController.m */,
			);
			path = controller;
			sourceTree = "<group>";
		};
		F0B8D97B1DD5998400ECD74F /* model */ = {
			isa = PBXGroup;
			children = (
			);
			path = model;
			sourceTree = "<group>";
		};
		F0B8D97C1DD5998400ECD74F /* view */ = {
			isa = PBXGroup;
			children = (
			);
			path = view;
			sourceTree = "<group>";
		};
		F0B8D97D1DD5998400ECD74F /* read */ = {
			isa = PBXGroup;
			children = (
				F0B8D97E1DD5998400ECD74F /* controller */,
				F0B8D9831DD5998400ECD74F /* model */,
				F0B8D9841DD5998400ECD74F /* view */,
			);
			path = read;
			sourceTree = "<group>";
		};
		F0B8D97E1DD5998400ECD74F /* controller */ = {
			isa = PBXGroup;
			children = (
				F0B8D97F1DD5998400ECD74F /* WNNovelListViewController.h */,
				F0B8D9801DD5998400ECD74F /* WNNovelListViewController.m */,
				F0B8D9811DD5998400ECD74F /* WNNovelViewController.h */,
				F0B8D9821DD5998400ECD74F /* WNNovelViewController.m */,
			);
			path = controller;
			sourceTree = "<group>";
		};
		F0B8D9831DD5998400ECD74F /* model */ = {
			isa = PBXGroup;
			children = (
			);
			path = model;
			sourceTree = "<group>";
		};
		F0B8D9841DD5998400ECD74F /* view */ = {
			isa = PBXGroup;
			children = (
			);
			path = view;
			sourceTree = "<group>";
		};
		F0B8D9851DD5998400ECD74F /* song */ = {
			isa = PBXGroup;
			children = (
				F0B8D9861DD5998400ECD74F /* controller */,
				F0B8D98B1DD5998400ECD74F /* model */,
				F0B8D98E1DD5998400ECD74F /* view */,
			);
			path = song;
			sourceTree = "<group>";
		};
		F0B8D9861DD5998400ECD74F /* controller */ = {
			isa = PBXGroup;
			children = (
				F0B8D9871DD5998400ECD74F /* WNSongListViewController.h */,
				F0B8D9881DD5998400ECD74F /* WNSongListViewController.m */,
				F0B8D9891DD5998400ECD74F /* WNSongPlayerViewController.h */,
				F0B8D98A1DD5998400ECD74F /* WNSongPlayerViewController.m */,
			);
			path = controller;
			sourceTree = "<group>";
		};
		F0B8D98B1DD5998400ECD74F /* model */ = {
			isa = PBXGroup;
			children = (
				F0B8D98C1DD5998400ECD74F /* WNLrcParser.h */,
				F0B8D98D1DD5998400ECD74F /* WNLrcParser.m */,
			);
			path = model;
			sourceTree = "<group>";
		};
		F0B8D98E1DD5998400ECD74F /* view */ = {
			isa = PBXGroup;
			children = (
			);
			path = view;
			sourceTree = "<group>";
		};
		F0B8D98F1DD5998400ECD74F /* upload */ = {
			isa = PBXGroup;
			children = (
				F0B8D9901DD5998400ECD74F /* WNStartUploadViewController.h */,
				F0B8D9911DD5998400ECD74F /* WNStartUploadViewController.m */,
				F0B8D9921DD5998400ECD74F /* WNUploadViewController.h */,
				F0B8D9931DD5998400ECD74F /* WNUploadViewController.m */,
			);
			path = upload;
			sourceTree = "<group>";
		};
		F0B8D9A11DD5998E00ECD74F /* commont */ = {
			isa = PBXGroup;
			children = (
				F0B8D9A21DD5998E00ECD74F /* baseController */,
				F0B8D9A71DD5998E00ECD74F /* databaseManger */,
				F0B8D9AA1DD5998E00ECD74F /* extension */,
				F0B8D9B11DD5998E00ECD74F /* httpSever */,
				F0B8D9B41DD5998E00ECD74F /* pchAndHead */,
				F0B8D9B81DD5998E00ECD74F /* third */,
			);
			path = commont;
			sourceTree = "<group>";
		};
		F0B8D9A21DD5998E00ECD74F /* baseController */ = {
			isa = PBXGroup;
			children = (
				F0B8D9A31DD5998E00ECD74F /* WNNavigationController.h */,
				F0B8D9A41DD5998E00ECD74F /* WNNavigationController.m */,
				F0B8D9A51DD5998E00ECD74F /* WNTabbarController.h */,
				F0B8D9A61DD5998E00ECD74F /* WNTabbarController.m */,
			);
			path = baseController;
			sourceTree = "<group>";
		};
		F0B8D9A71DD5998E00ECD74F /* databaseManger */ = {
			isa = PBXGroup;
			children = (
				F0B8D9A81DD5998E00ECD74F /* WNDatebaseManager.h */,
				F0B8D9A91DD5998E00ECD74F /* WNDatebaseManager.m */,
			);
			path = databaseManger;
			sourceTree = "<group>";
		};
		F0B8D9AA1DD5998E00ECD74F /* extension */ = {
			isa = PBXGroup;
			children = (
				F0B8D9AB1DD5998E00ECD74F /* button */,
				F0B8D9AE1DD5998E00ECD74F /* textFiled */,
			);
			name = extension;
			path = extent;
			sourceTree = "<group>";
		};
		F0B8D9AB1DD5998E00ECD74F /* button */ = {
			isa = PBXGroup;
			children = (
				F0B8D9AC1DD5998E00ECD74F /* WN_Style1_Button.h */,
				F0B8D9AD1DD5998E00ECD74F /* WN_Style1_Button.m */,
			);
			path = button;
			sourceTree = "<group>";
		};
		F0B8D9AE1DD5998E00ECD74F /* textFiled */ = {
			isa = PBXGroup;
			children = (
				F0B8D9AF1DD5998E00ECD74F /* WN_Style1_TextField.h */,
				F0B8D9B01DD5998E00ECD74F /* WN_Style1_TextField.m */,
			);
			path = textFiled;
			sourceTree = "<group>";
		};
		F0B8D9B11DD5998E00ECD74F /* httpSever */ = {
			isa = PBXGroup;
			children = (
				F0B8D9B21DD5998E00ECD74F /* WNHttpServer.h */,
				F0B8D9B31DD5998E00ECD74F /* WNHttpServer.m */,
			);
			path = httpSever;
			sourceTree = "<group>";
		};
		F0B8D9B41DD5998E00ECD74F /* pchAndHead */ = {
			isa = PBXGroup;
			children = (
				F0B8D9B51DD5998E00ECD74F /* PrefixHeader.pch */,
				F0B8D9B61DD5998E00ECD74F /* WNServer.h */,
				F0B8D9B71DD5998E00ECD74F /* WNSizeHeader.h */,
				F0B8D9DD1DD59F6800ECD74F /* WNGlobConstant.h */,
				F0B8D9DE1DD59F6800ECD74F /* WNGlobConstant.m */,
			);
			path = pchAndHead;
			sourceTree = "<group>";
		};
		F0B8D9B81DD5998E00ECD74F /* third */ = {
			isa = PBXGroup;
			children = (
				F0B8D9B91DD5998E00ECD74F /* AsyncSocket.h */,
				F0B8D9BA1DD5998E00ECD74F /* AsyncSocket.m */,
				F0B8D9BB1DD5998E00ECD74F /* AsyncUdpSocket.h */,
				F0B8D9BC1DD5998E00ECD74F /* AsyncUdpSocket.m */,
			);
			path = third;
			sourceTree = "<group>";
		};
		F0B8D9C71DD59DBD00ECD74F /* other */ = {
			isa = PBXGroup;
			children = (
				F0B8D9D41DD59E4C00ECD74F /* resource */,
			);
			path = other;
			sourceTree = "<group>";
		};
		F0B8D9D41DD59E4C00ECD74F /* resource */ = {
			isa = PBXGroup;
			children = (
				F0B8D9D51DD59E4C00ECD74F /* 123.lrc */,
				F0B8D9D61DD59E4C00ECD74F /* 123.mp3 */,
				F0B8D9D71DD59E4C00ECD74F /* index.html */,
				F0B8D9D81DD59E4C00ECD74F /* test.mp4 */,
			);
			path = resource;
			sourceTree = "<group>";
		};
/* End PBXGroup section */

/* Begin PBXNativeTarget section */
		F0259CC91DCD645D00D5600C /* WNTools */ = {
			isa = PBXNativeTarget;
			buildConfigurationList = F0259CF71DCD645D00D5600C /* Build configuration list for PBXNativeTarget "WNTools" */;
			buildPhases = (
				F0259CC61DCD645D00D5600C /* Sources */,
				F0259CC71DCD645D00D5600C /* Frameworks */,
				F0259CC81DCD645D00D5600C /* Resources */,
			);
			buildRules = (
			);
			dependencies = (
			);
			name = WNTools;
			productName = WNTools;
			productReference = F0259CCA1DCD645D00D5600C /* WNTools.app */;
			productType = "com.apple.product-type.application";
		};
		F0259CE21DCD645D00D5600C /* WNToolsTests */ = {
			isa = PBXNativeTarget;
			buildConfigurationList = F0259CFA1DCD645D00D5600C /* Build configuration list for PBXNativeTarget "WNToolsTests" */;
			buildPhases = (
				F0259CDF1DCD645D00D5600C /* Sources */,
				F0259CE01DCD645D00D5600C /* Frameworks */,
				F0259CE11DCD645D00D5600C /* Resources */,
			);
			buildRules = (
			);
			dependencies = (
				F0259CE51DCD645D00D5600C /* PBXTargetDependency */,
			);
			name = WNToolsTests;
			productName = WNToolsTests;
			productReference = F0259CE31DCD645D00D5600C /* WNToolsTests.xctest */;
			productType = "com.apple.product-type.bundle.unit-test";
		};
		F0259CED1DCD645D00D5600C /* WNToolsUITests */ = {
			isa = PBXNativeTarget;
			buildConfigurationList = F0259CFD1DCD645D00D5600C /* Build configuration list for PBXNativeTarget "WNToolsUITests" */;
			buildPhases = (
				F0259CEA1DCD645D00D5600C /* Sources */,
				F0259CEB1DCD645D00D5600C /* Frameworks */,
				F0259CEC1DCD645D00D5600C /* Resources */,
			);
			buildRules = (
			);
			dependencies = (
				F0259CF01DCD645D00D5600C /* PBXTargetDependency */,
			);
			name = WNToolsUITests;
			productName = WNToolsUITests;
			productReference = F0259CEE1DCD645D00D5600C /* WNToolsUITests.xctest */;
			productType = "com.apple.product-type.bundle.ui-testing";
		};
/* End PBXNativeTarget section */

/* Begin PBXProject section */
		F0259CC21DCD645D00D5600C /* Project object */ = {
			isa = PBXProject;
			attributes = {
				CLASSPREFIX = WN;
				LastUpgradeCheck = 0800;
				ORGANIZATIONNAME = "王楠";
				TargetAttributes = {
					F0259CC91DCD645D00D5600C = {
						CreatedOnToolsVersion = 8.0;
						DevelopmentTeam = W6ZN6C89QW;
						ProvisioningStyle = Automatic;
					};
					F0259CE21DCD645D00D5600C = {
						CreatedOnToolsVersion = 8.0;
						ProvisioningStyle = Automatic;
						TestTargetID = F0259CC91DCD645D00D5600C;
					};
					F0259CED1DCD645D00D5600C = {
						CreatedOnToolsVersion = 8.0;
						ProvisioningStyle = Automatic;
						TestTargetID = F0259CC91DCD645D00D5600C;
					};
				};
			};
			buildConfigurationList = F0259CC51DCD645D00D5600C /* Build configuration list for PBXProject "WNTools" */;
			compatibilityVersion = "Xcode 3.2";
			developmentRegion = English;
			hasScannedForEncodings = 0;
			knownRegions = (
				en,
				Base,
			);
			mainGroup = F0259CC11DCD645D00D5600C;
			productRefGroup = F0259CCB1DCD645D00D5600C /* Products */;
			projectDirPath = "";
			projectRoot = "";
			targets = (
				F0259CC91DCD645D00D5600C /* WNTools */,
				F0259CE21DCD645D00D5600C /* WNToolsTests */,
				F0259CED1DCD645D00D5600C /* WNToolsUITests */,
			);
		};
/* End PBXProject section */

/* Begin PBXResourcesBuildPhase section */
		F0259CC81DCD645D00D5600C /* Resources */ = {
			isa = PBXResourcesBuildPhase;
			buildActionMask = 2147483647;
			files = (
				F0B8D9D91DD59E4C00ECD74F /* 123.lrc in Resources */,
				F0B8D9D11DD59E0E00ECD74F /* Info.plist in Resources */,
				F0259CDD1DCD645D00D5600C /* LaunchScreen.storyboard in Resources */,
				F0B8D9DC1DD59E4C00ECD74F /* test.mp4 in Resources */,
				F0B8D9DB1DD59E4C00ECD74F /* index.html in Resources */,
				F0259CDA1DCD645D00D5600C /* Assets.xcassets in Resources */,
				F0B8D9DA1DD59E4C00ECD74F /* 123.mp3 in Resources */,
			);
			runOnlyForDeploymentPostprocessing = 0;
		};
		F0259CE11DCD645D00D5600C /* Resources */ = {
			isa = PBXResourcesBuildPhase;
			buildActionMask = 2147483647;
			files = (
			);
			runOnlyForDeploymentPostprocessing = 0;
		};
		F0259CEC1DCD645D00D5600C /* Resources */ = {
			isa = PBXResourcesBuildPhase;
			buildActionMask = 2147483647;
			files = (
			);
			runOnlyForDeploymentPostprocessing = 0;
		};
/* End PBXResourcesBuildPhase section */

/* Begin PBXSourcesBuildPhase section */
		F0259CC61DCD645D00D5600C /* Sources */ = {
			isa = PBXSourcesBuildPhase;
			buildActionMask = 2147483647;
			files = (
				F0B8D9941DD5998400ECD74F /* WNInfoViewController.m in Sources */,
				F0B8D9A01DD5998400ECD74F /* WNUploadViewController.m in Sources */,
				F0B8D9C21DD5998E00ECD74F /* WNHttpServer.m in Sources */,
				F0B8D9971DD5998400ECD74F /* WNLoginView.m in Sources */,
				F0B8D9951DD5998400ECD74F /* WNMyResourceViewController.m in Sources */,
				F0B8D99F1DD5998400ECD74F /* WNStartUploadViewController.m in Sources */,
				F0B8D9C41DD5998E00ECD74F /* AsyncUdpSocket.m in Sources */,
				F0B8D9981DD5998400ECD74F /* WNMovieListViewController.m in Sources */,
				F0B8D9C31DD5998E00ECD74F /* AsyncSocket.m in Sources */,
				F0B8D9BE1DD5998E00ECD74F /* WNTabbarController.m in Sources */,
				F0B8D9D31DD59E2500ECD74F /* main.m in Sources */,
				F0B8D9961DD5998400ECD74F /* WNLoginViewController.m in Sources */,
				F0B8D99E1DD5998400ECD74F /* WNLrcParser.m in Sources */,
				F0B8D99B1DD5998400ECD74F /* WNNovelViewController.m in Sources */,
				F0B8D9DF1DD59F6800ECD74F /* WNGlobConstant.m in Sources */,
				F0B8D99D1DD5998400ECD74F /* WNSongPlayerViewController.m in Sources */,
				F0B8D9C01DD5998E00ECD74F /* WN_Style1_Button.m in Sources */,
				F0B8D9991DD5998400ECD74F /* WNMovieViewController.m in Sources */,
				F0B8D9C11DD5998E00ECD74F /* WN_Style1_TextField.m in Sources */,
				F0B8D9BF1DD5998E00ECD74F /* WNDatebaseManager.m in Sources */,
				F0B8D9BD1DD5998E00ECD74F /* WNNavigationController.m in Sources */,
				F0B8D99A1DD5998400ECD74F /* WNNovelListViewController.m in Sources */,
				F0B8D99C1DD5998400ECD74F /* WNSongListViewController.m in Sources */,
				F0B8D95D1DD598EE00ECD74F /* WNAppDelegate.m in Sources */,
			);
			runOnlyForDeploymentPostprocessing = 0;
		};
		F0259CDF1DCD645D00D5600C /* Sources */ = {
			isa = PBXSourcesBuildPhase;
			buildActionMask = 2147483647;
			files = (
				F0259CE81DCD645D00D5600C /* WNToolsTests.m in Sources */,
			);
			runOnlyForDeploymentPostprocessing = 0;
		};
		F0259CEA1DCD645D00D5600C /* Sources */ = {
			isa = PBXSourcesBuildPhase;
			buildActionMask = 2147483647;
			files = (
				F0259CF31DCD645D00D5600C /* WNToolsUITests.m in Sources */,
			);
			runOnlyForDeploymentPostprocessing = 0;
		};
/* End PBXSourcesBuildPhase section */

/* Begin PBXTargetDependency section */
		F0259CE51DCD645D00D5600C /* PBXTargetDependency */ = {
			isa = PBXTargetDependency;
			target = F0259CC91DCD645D00D5600C /* WNTools */;
			targetProxy = F0259CE41DCD645D00D5600C /* PBXContainerItemProxy */;
		};
		F0259CF01DCD645D00D5600C /* PBXTargetDependency */ = {
			isa = PBXTargetDependency;
			target = F0259CC91DCD645D00D5600C /* WNTools */;
			targetProxy = F0259CEF1DCD645D00D5600C /* PBXContainerItemProxy */;
		};
/* End PBXTargetDependency section */

/* Begin PBXVariantGroup section */
		F0259CDB1DCD645D00D5600C /* LaunchScreen.storyboard */ = {
			isa = PBXVariantGroup;
			children = (
				F0259CDC1DCD645D00D5600C /* Base */,
			);
			name = LaunchScreen.storyboard;
			sourceTree = "<group>";
		};
/* End PBXVariantGroup section */

/* Begin XCBuildConfiguration section */
		F0259CF51DCD645D00D5600C /* Debug */ = {
			isa = XCBuildConfiguration;
			buildSettings = {
				ALWAYS_SEARCH_USER_PATHS = NO;
				CLANG_ANALYZER_NONNULL = YES;
				CLANG_CXX_LANGUAGE_STANDARD = "gnu++0x";
				CLANG_CXX_LIBRARY = "libc++";
				CLANG_ENABLE_MODULES = YES;
				CLANG_ENABLE_OBJC_ARC = YES;
				CLANG_WARN_BOOL_CONVERSION = YES;
				CLANG_WARN_CONSTANT_CONVERSION = YES;
				CLANG_WARN_DIRECT_OBJC_ISA_USAGE = YES_ERROR;
				CLANG_WARN_DOCUMENTATION_COMMENTS = YES;
				CLANG_WARN_EMPTY_BODY = YES;
				CLANG_WARN_ENUM_CONVERSION = YES;
				CLANG_WARN_INFINITE_RECURSION = YES;
				CLANG_WARN_INT_CONVERSION = YES;
				CLANG_WARN_OBJC_ROOT_CLASS = YES_ERROR;
				CLANG_WARN_SUSPICIOUS_MOVES = YES;
				CLANG_WARN_UNREACHABLE_CODE = YES;
				CLANG_WARN__DUPLICATE_METHOD_MATCH = YES;
				"CODE_SIGN_IDENTITY[sdk=iphoneos*]" = "iPhone Developer";
				COPY_PHASE_STRIP = NO;
				DEBUG_INFORMATION_FORMAT = dwarf;
				ENABLE_STRICT_OBJC_MSGSEND = YES;
				ENABLE_TESTABILITY = YES;
				GCC_C_LANGUAGE_STANDARD = gnu99;
				GCC_DYNAMIC_NO_PIC = NO;
				GCC_NO_COMMON_BLOCKS = YES;
				GCC_OPTIMIZATION_LEVEL = 0;
				GCC_PREPROCESSOR_DEFINITIONS = (
					"DEBUG=1",
					"$(inherited)",
				);
				GCC_WARN_64_TO_32_BIT_CONVERSION = YES;
				GCC_WARN_ABOUT_RETURN_TYPE = YES_ERROR;
				GCC_WARN_UNDECLARED_SELECTOR = YES;
				GCC_WARN_UNINITIALIZED_AUTOS = YES_AGGRESSIVE;
				GCC_WARN_UNUSED_FUNCTION = YES;
				GCC_WARN_UNUSED_VARIABLE = YES;
				IPHONEOS_DEPLOYMENT_TARGET = 10.0;
				MTL_ENABLE_DEBUG_INFO = YES;
				ONLY_ACTIVE_ARCH = YES;
				SDKROOT = iphoneos;
			};
			name = Debug;
		};
		F0259CF61DCD645D00D5600C /* Release */ = {
			isa = XCBuildConfiguration;
			buildSettings = {
				ALWAYS_SEARCH_USER_PATHS = NO;
				CLANG_ANALYZER_NONNULL = YES;
				CLANG_CXX_LANGUAGE_STANDARD = "gnu++0x";
				CLANG_CXX_LIBRARY = "libc++";
				CLANG_ENABLE_MODULES = YES;
				CLANG_ENABLE_OBJC_ARC = YES;
				CLANG_WARN_BOOL_CONVERSION = YES;
				CLANG_WARN_CONSTANT_CONVERSION = YES;
				CLANG_WARN_DIRECT_OBJC_ISA_USAGE = YES_ERROR;
				CLANG_WARN_DOCUMENTATION_COMMENTS = YES;
				CLANG_WARN_EMPTY_BODY = YES;
				CLANG_WARN_ENUM_CONVERSION = YES;
				CLANG_WARN_INFINITE_RECURSION = YES;
				CLANG_WARN_INT_CONVERSION = YES;
				CLANG_WARN_OBJC_ROOT_CLASS = YES_ERROR;
				CLANG_WARN_SUSPICIOUS_MOVES = YES;
				CLANG_WARN_UNREACHABLE_CODE = YES;
				CLANG_WARN__DUPLICATE_METHOD_MATCH = YES;
				"CODE_SIGN_IDENTITY[sdk=iphoneos*]" = "iPhone Developer";
				COPY_PHASE_STRIP = NO;
				DEBUG_INFORMATION_FORMAT = "dwarf-with-dsym";
				ENABLE_NS_ASSERTIONS = NO;
				ENABLE_STRICT_OBJC_MSGSEND = YES;
				GCC_C_LANGUAGE_STANDARD = gnu99;
				GCC_NO_COMMON_BLOCKS = YES;
				GCC_WARN_64_TO_32_BIT_CONVERSION = YES;
				GCC_WARN_ABOUT_RETURN_TYPE = YES_ERROR;
				GCC_WARN_UNDECLARED_SELECTOR = YES;
				GCC_WARN_UNINITIALIZED_AUTOS = YES_AGGRESSIVE;
				GCC_WARN_UNUSED_FUNCTION = YES;
				GCC_WARN_UNUSED_VARIABLE = YES;
				IPHONEOS_DEPLOYMENT_TARGET = 10.0;
				MTL_ENABLE_DEBUG_INFO = NO;
				SDKROOT = iphoneos;
				VALIDATE_PRODUCT = YES;
			};
			name = Release;
		};
		F0259CF81DCD645D00D5600C /* Debug */ = {
			isa = XCBuildConfiguration;
			buildSettings = {
				ASSETCATALOG_COMPILER_APPICON_NAME = AppIcon;
				DEVELOPMENT_TEAM = W6ZN6C89QW;
				GCC_PRECOMPILE_PREFIX_HEADER = YES;
				GCC_PREFIX_HEADER = "$(SRCROOT)/WNTools/commont/pchAndHead/PrefixHeader.pch";
				INFOPLIST_FILE = WNTools/Info.plist;
				LD_RUNPATH_SEARCH_PATHS = "$(inherited) @executable_path/Frameworks";
				PRODUCT_BUNDLE_IDENTIFIER = "com.Angel.-arc-mvvm.WNTools";
				PRODUCT_NAME = "$(TARGET_NAME)";
			};
			name = Debug;
		};
		F0259CF91DCD645D00D5600C /* Release */ = {
			isa = XCBuildConfiguration;
			buildSettings = {
				ASSETCATALOG_COMPILER_APPICON_NAME = AppIcon;
				DEVELOPMENT_TEAM = W6ZN6C89QW;
				GCC_PRECOMPILE_PREFIX_HEADER = YES;
				GCC_PREFIX_HEADER = "$(SRCROOT)/WNTools/commont/pchAndHead/PrefixHeader.pch";
				INFOPLIST_FILE = WNTools/Info.plist;
				LD_RUNPATH_SEARCH_PATHS = "$(inherited) @executable_path/Frameworks";
				PRODUCT_BUNDLE_IDENTIFIER = "com.Angel.-arc-mvvm.WNTools";
				PRODUCT_NAME = "$(TARGET_NAME)";
			};
			name = Release;
		};
		F0259CFB1DCD645D00D5600C /* Debug */ = {
			isa = XCBuildConfiguration;
			buildSettings = {
				BUNDLE_LOADER = "$(TEST_HOST)";
				INFOPLIST_FILE = WNToolsTests/Info.plist;
				LD_RUNPATH_SEARCH_PATHS = "$(inherited) @executable_path/Frameworks @loader_path/Frameworks";
				PRODUCT_BUNDLE_IDENTIFIER = "com.Angel.-arc-mvvm.WNToolsTests";
				PRODUCT_NAME = "$(TARGET_NAME)";
				TEST_HOST = "$(BUILT_PRODUCTS_DIR)/WNTools.app/WNTools";
			};
			name = Debug;
		};
		F0259CFC1DCD645D00D5600C /* Release */ = {
			isa = XCBuildConfiguration;
			buildSettings = {
				BUNDLE_LOADER = "$(TEST_HOST)";
				INFOPLIST_FILE = WNToolsTests/Info.plist;
				LD_RUNPATH_SEARCH_PATHS = "$(inherited) @executable_path/Frameworks @loader_path/Frameworks";
				PRODUCT_BUNDLE_IDENTIFIER = "com.Angel.-arc-mvvm.WNToolsTests";
				PRODUCT_NAME = "$(TARGET_NAME)";
				TEST_HOST = "$(BUILT_PRODUCTS_DIR)/WNTools.app/WNTools";
			};
			name = Release;
		};
		F0259CFE1DCD645D00D5600C /* Debug */ = {
			isa = XCBuildConfiguration;
			buildSettings = {
				INFOPLIST_FILE = WNToolsUITests/Info.plist;
				LD_RUNPATH_SEARCH_PATHS = "$(inherited) @executable_path/Frameworks @loader_path/Frameworks";
				PRODUCT_BUNDLE_IDENTIFIER = "com.Angel.-arc-mvvm.WNToolsUITests";
				PRODUCT_NAME = "$(TARGET_NAME)";
				TEST_TARGET_NAME = WNTools;
			};
			name = Debug;
		};
		F0259CFF1DCD645D00D5600C /* Release */ = {
			isa = XCBuildConfiguration;
			buildSettings = {
				INFOPLIST_FILE = WNToolsUITests/Info.plist;
				LD_RUNPATH_SEARCH_PATHS = "$(inherited) @executable_path/Frameworks @loader_path/Frameworks";
				PRODUCT_BUNDLE_IDENTIFIER = "com.Angel.-arc-mvvm.WNToolsUITests";
				PRODUCT_NAME = "$(TARGET_NAME)";
				TEST_TARGET_NAME = WNTools;
			};
			name = Release;
		};
/* End XCBuildConfiguration section */

/* Begin XCConfigurationList section */
		F0259CC51DCD645D00D5600C /* Build configuration list for PBXProject "WNTools" */ = {
			isa = XCConfigurationList;
			buildConfigurations = (
				F0259CF51DCD645D00D5600C /* Debug */,
				F0259CF61DCD645D00D5600C /* Release */,
			);
			defaultConfigurationIsVisible = 0;
			defaultConfigurationName = Release;
		};
		F0259CF71DCD645D00D5600C /* Build configuration list for PBXNativeTarget "WNTools" */ = {
			isa = XCConfigurationList;
			buildConfigurations = (
				F0259CF81DCD645D00D5600C /* Debug */,
				F0259CF91DCD645D00D5600C /* Release */,
			);
			defaultConfigurationIsVisible = 0;
			defaultConfigurationName = Release;
		};
		F0259CFA1DCD645D00D5600C /* Build configuration list for PBXNativeTarget "WNToolsTests" */ = {
			isa = XCConfigurationList;
			buildConfigurations = (
				F0259CFB1DCD645D00D5600C /* Debug */,
				F0259CFC1DCD645D00D5600C /* Release */,
			);
			defaultConfigurationIsVisible = 0;
			defaultConfigurationName = Release;
		};
		F0259CFD1DCD645D00D5600C /* Build configuration list for PBXNativeTarget "WNToolsUITests" */ = {
			isa = XCConfigurationList;
			buildConfigurations = (
				F0259CFE1DCD645D00D5600C /* Debug */,
				F0259CFF1DCD645D00D5600C /* Release */,
			);
			defaultConfigurationIsVisible = 0;
			defaultConfigurationName = Release;
		};
/* End XCConfigurationList section */
	};
	rootObject = F0259CC21DCD645D00D5600C /* Project object */;
}
