// !$*UTF8*$!
{
	archiveVersion = 1;
	classes = {
	};
	objectVersion = 46;
	objects = {

/* Begin PBXBuildFile section */
		C96D3DCF1DD049EE00AA7FDA /* WNHttpServer.m in Sources */ = {isa = PBXBuildFile; fileRef = C96D3DCE1DD049EE00AA7FDA /* WNHttpServer.m */; };
		C96D3DD41DD067B100AA7FDA /* AsyncSocket.m in Sources */ = {isa = PBXBuildFile; fileRef = C96D3DD11DD067B100AA7FDA /* AsyncSocket.m */; settings = {COMPILER_FLAGS = "-fno-objc-arc"; }; };
		C96D3DD51DD067B100AA7FDA /* AsyncUdpSocket.m in Sources */ = {isa = PBXBuildFile; fileRef = C96D3DD31DD067B100AA7FDA /* AsyncUdpSocket.m */; settings = {COMPILER_FLAGS = "-fno-objc-arc"; }; };
		C9C16DFB1DD1676A00A5244A /* WNStartUploadViewController.m in Sources */ = {isa = PBXBuildFile; fileRef = C9C16DFA1DD1676A00A5244A /* WNStartUploadViewController.m */; };
		C9C16E091DD1830C00A5244A /* WNSongListViewController.m in Sources */ = {isa = PBXBuildFile; fileRef = C9C16E081DD1830C00A5244A /* WNSongListViewController.m */; };
		C9C16E0C1DD1867E00A5244A /* WNDatebaseManager.m in Sources */ = {isa = PBXBuildFile; fileRef = C9C16E0B1DD1867E00A5244A /* WNDatebaseManager.m */; };
		C9C16E0F1DD1950700A5244A /* libsqlite3.tbd in Frameworks */ = {isa = PBXBuildFile; fileRef = C9C16E0E1DD1950700A5244A /* libsqlite3.tbd */; };
		C9C16E121DD1991100A5244A /* WNSongPlayerViewController.m in Sources */ = {isa = PBXBuildFile; fileRef = C9C16E111DD1991100A5244A /* WNSongPlayerViewController.m */; };
		C9C16E141DD19F6D00A5244A /* 123.mp3 in Resources */ = {isa = PBXBuildFile; fileRef = C9C16E131DD19F6D00A5244A /* 123.mp3 */; };
		C9C16E1B1DD1A44800A5244A /* WNMovieViewController.m in Sources */ = {isa = PBXBuildFile; fileRef = C9C16E1A1DD1A44800A5244A /* WNMovieViewController.m */; };
		C9C16E221DD1A49800A5244A /* WNNovelViewController.m in Sources */ = {isa = PBXBuildFile; fileRef = C9C16E211DD1A49800A5244A /* WNNovelViewController.m */; };
		C9C16E251DD1A5A200A5244A /* WNNovelListViewController.m in Sources */ = {isa = PBXBuildFile; fileRef = C9C16E241DD1A5A200A5244A /* WNNovelListViewController.m */; };
		C9C16E281DD1A7FA00A5244A /* WNMovieListViewController.m in Sources */ = {isa = PBXBuildFile; fileRef = C9C16E271DD1A7FA00A5244A /* WNMovieListViewController.m */; };
		C9C16E2A1DD1B48300A5244A /* index.html in Resources */ = {isa = PBXBuildFile; fileRef = C9C16E291DD1B48300A5244A /* index.html */; };
		C9C16E2C1DD1BAFB00A5244A /* 123.lrc in Resources */ = {isa = PBXBuildFile; fileRef = C9C16E2B1DD1BAFB00A5244A /* 123.lrc */; };
		C9C16E2F1DD1BBA800A5244A /* WNLrcParser.m in Sources */ = {isa = PBXBuildFile; fileRef = C9C16E2E1DD1BBA800A5244A /* WNLrcParser.m */; };
		F0259CCF1DCD645D00D5600C /* main.m in Sources */ = {isa = PBXBuildFile; fileRef = F0259CCE1DCD645D00D5600C /* main.m */; };
		F0259CD21DCD645D00D5600C /* WNAppDelegate.m in Sources */ = {isa = PBXBuildFile; fileRef = F0259CD11DCD645D00D5600C /* WNAppDelegate.m */; };
		F0259CD81DCD645D00D5600C /* Main.storyboard in Resources */ = {isa = PBXBuildFile; fileRef = F0259CD61DCD645D00D5600C /* Main.storyboard */; };
		F0259CDA1DCD645D00D5600C /* Assets.xcassets in Resources */ = {isa = PBXBuildFile; fileRef = F0259CD91DCD645D00D5600C /* Assets.xcassets */; };
		F0259CDD1DCD645D00D5600C /* LaunchScreen.storyboard in Resources */ = {isa = PBXBuildFile; fileRef = F0259CDB1DCD645D00D5600C /* LaunchScreen.storyboard */; };
		F0259CE81DCD645D00D5600C /* WNToolsTests.m in Sources */ = {isa = PBXBuildFile; fileRef = F0259CE71DCD645D00D5600C /* WNToolsTests.m */; };
		F0259CF31DCD645D00D5600C /* WNToolsUITests.m in Sources */ = {isa = PBXBuildFile; fileRef = F0259CF21DCD645D00D5600C /* WNToolsUITests.m */; };
		F0259D041DCD659600D5600C /* WNInfoViewController.m in Sources */ = {isa = PBXBuildFile; fileRef = F0259D031DCD659600D5600C /* WNInfoViewController.m */; };
		F0259D0D1DCD6A4500D5600C /* WNUploadViewController.m in Sources */ = {isa = PBXBuildFile; fileRef = F0259D0C1DCD6A4500D5600C /* WNUploadViewController.m */; };
		F0259D111DCD6A7C00D5600C /* WNMyResourceViewController.m in Sources */ = {isa = PBXBuildFile; fileRef = F0259D101DCD6A7C00D5600C /* WNMyResourceViewController.m */; };
		F0259D151DCD6D8600D5600C /* WN_Style1_Button.m in Sources */ = {isa = PBXBuildFile; fileRef = F0259D141DCD6D8600D5600C /* WN_Style1_Button.m */; };
		F0259D181DCD6DB700D5600C /* WN_Style1_TextField.m in Sources */ = {isa = PBXBuildFile; fileRef = F0259D171DCD6DB700D5600C /* WN_Style1_TextField.m */; };
		F0259D1E1DCD6EB900D5600C /* WNLoginView.m in Sources */ = {isa = PBXBuildFile; fileRef = F0259D1D1DCD6EB900D5600C /* WNLoginView.m */; };
		F0B02FBA1DCD7EB80065F055 /* WNLoginViewController.m in Sources */ = {isa = PBXBuildFile; fileRef = F0B02FB91DCD7EB80065F055 /* WNLoginViewController.m */; };
/* End PBXBuildFile section */

/* Begin PBXContainerItemProxy section */
		F0259CE41DCD645D00D5600C /* PBXContainerItemProxy */ = {
			isa = PBXContainerItemProxy;
			containerPortal = F0259CC21DCD645D00D5600C /* Project object */;
			proxyType = 1;
			remoteGlobalIDString = F0259CC91DCD645D00D5600C;
			remoteInfo = WNTools;
		};
		F0259CEF1DCD645D00D5600C /* PBXContainerItemProxy */ = {
			isa = PBXContainerItemProxy;
			containerPortal = F0259CC21DCD645D00D5600C /* Project object */;
			proxyType = 1;
			remoteGlobalIDString = F0259CC91DCD645D00D5600C;
			remoteInfo = WNTools;
		};
/* End PBXContainerItemProxy section */

/* Begin PBXFileReference section */
		C96D3DCD1DD049EE00AA7FDA /* WNHttpServer.h */ = {isa = PBXFileReference; fileEncoding = 4; lastKnownFileType = sourcecode.c.h; path = WNHttpServer.h; sourceTree = "<group>"; };
		C96D3DCE1DD049EE00AA7FDA /* WNHttpServer.m */ = {isa = PBXFileReference; fileEncoding = 4; lastKnownFileType = sourcecode.c.objc; path = WNHttpServer.m; sourceTree = "<group>"; };
		C96D3DD01DD067B100AA7FDA /* AsyncSocket.h */ = {isa = PBXFileReference; fileEncoding = 4; lastKnownFileType = sourcecode.c.h; path = AsyncSocket.h; sourceTree = "<group>"; };
		C96D3DD11DD067B100AA7FDA /* AsyncSocket.m */ = {isa = PBXFileReference; fileEncoding = 4; lastKnownFileType = sourcecode.c.objc; path = AsyncSocket.m; sourceTree = "<group>"; };
		C96D3DD21DD067B100AA7FDA /* AsyncUdpSocket.h */ = {isa = PBXFileReference; fileEncoding = 4; lastKnownFileType = sourcecode.c.h; path = AsyncUdpSocket.h; sourceTree = "<group>"; };
		C96D3DD31DD067B100AA7FDA /* AsyncUdpSocket.m */ = {isa = PBXFileReference; fileEncoding = 4; lastKnownFileType = sourcecode.c.objc; path = AsyncUdpSocket.m; sourceTree = "<group>"; };
		C9C16DF91DD1676A00A5244A /* WNStartUploadViewController.h */ = {isa = PBXFileReference; fileEncoding = 4; lastKnownFileType = sourcecode.c.h; path = WNStartUploadViewController.h; sourceTree = "<group>"; };
		C9C16DFA1DD1676A00A5244A /* WNStartUploadViewController.m */ = {isa = PBXFileReference; fileEncoding = 4; lastKnownFileType = sourcecode.c.objc; path = WNStartUploadViewController.m; sourceTree = "<group>"; };
		C9C16E071DD1830C00A5244A /* WNSongListViewController.h */ = {isa = PBXFileReference; fileEncoding = 4; lastKnownFileType = sourcecode.c.h; path = WNSongListViewController.h; sourceTree = "<group>"; };
		C9C16E081DD1830C00A5244A /* WNSongListViewController.m */ = {isa = PBXFileReference; fileEncoding = 4; lastKnownFileType = sourcecode.c.objc; path = WNSongListViewController.m; sourceTree = "<group>"; };
		C9C16E0A1DD1867E00A5244A /* WNDatebaseManager.h */ = {isa = PBXFileReference; fileEncoding = 4; lastKnownFileType = sourcecode.c.h; path = WNDatebaseManager.h; sourceTree = "<group>"; };
		C9C16E0B1DD1867E00A5244A /* WNDatebaseManager.m */ = {isa = PBXFileReference; fileEncoding = 4; lastKnownFileType = sourcecode.c.objc; path = WNDatebaseManager.m; sourceTree = "<group>"; };
		C9C16E0E1DD1950700A5244A /* libsqlite3.tbd */ = {isa = PBXFileReference; lastKnownFileType = "sourcecode.text-based-dylib-definition"; name = libsqlite3.tbd; path = usr/lib/libsqlite3.tbd; sourceTree = SDKROOT; };
		C9C16E101DD1991100A5244A /* WNSongPlayerViewController.h */ = {isa = PBXFileReference; fileEncoding = 4; lastKnownFileType = sourcecode.c.h; path = WNSongPlayerViewController.h; sourceTree = "<group>"; };
		C9C16E111DD1991100A5244A /* WNSongPlayerViewController.m */ = {isa = PBXFileReference; fileEncoding = 4; lastKnownFileType = sourcecode.c.objc; path = WNSongPlayerViewController.m; sourceTree = "<group>"; };
		C9C16E131DD19F6D00A5244A /* 123.mp3 */ = {isa = PBXFileReference; lastKnownFileType = audio.mp3; path = 123.mp3; sourceTree = "<group>"; };
		C9C16E191DD1A44800A5244A /* WNMovieViewController.h */ = {isa = PBXFileReference; fileEncoding = 4; lastKnownFileType = sourcecode.c.h; path = WNMovieViewController.h; sourceTree = "<group>"; };
		C9C16E1A1DD1A44800A5244A /* WNMovieViewController.m */ = {isa = PBXFileReference; fileEncoding = 4; lastKnownFileType = sourcecode.c.objc; path = WNMovieViewController.m; sourceTree = "<group>"; };
		C9C16E201DD1A49800A5244A /* WNNovelViewController.h */ = {isa = PBXFileReference; fileEncoding = 4; lastKnownFileType = sourcecode.c.h; path = WNNovelViewController.h; sourceTree = "<group>"; };
		C9C16E211DD1A49800A5244A /* WNNovelViewController.m */ = {isa = PBXFileReference; fileEncoding = 4; lastKnownFileType = sourcecode.c.objc; path = WNNovelViewController.m; sourceTree = "<group>"; };
		C9C16E231DD1A5A200A5244A /* WNNovelListViewController.h */ = {isa = PBXFileReference; fileEncoding = 4; lastKnownFileType = sourcecode.c.h; path = WNNovelListViewController.h; sourceTree = "<group>"; };
		C9C16E241DD1A5A200A5244A /* WNNovelListViewController.m */ = {isa = PBXFileReference; fileEncoding = 4; lastKnownFileType = sourcecode.c.objc; path = WNNovelListViewController.m; sourceTree = "<group>"; };
		C9C16E261DD1A7FA00A5244A /* WNMovieListViewController.h */ = {isa = PBXFileReference; fileEncoding = 4; lastKnownFileType = sourcecode.c.h; path = WNMovieListViewController.h; sourceTree = "<group>"; };
		C9C16E271DD1A7FA00A5244A /* WNMovieListViewController.m */ = {isa = PBXFileReference; fileEncoding = 4; lastKnownFileType = sourcecode.c.objc; path = WNMovieListViewController.m; sourceTree = "<group>"; };
		C9C16E291DD1B48300A5244A /* index.html */ = {isa = PBXFileReference; fileEncoding = 4; lastKnownFileType = text.html; path = index.html; sourceTree = "<group>"; };
		C9C16E2B1DD1BAFB00A5244A /* 123.lrc */ = {isa = PBXFileReference; fileEncoding = 4; lastKnownFileType = text; path = 123.lrc; sourceTree = "<group>"; };
		C9C16E2D1DD1BBA800A5244A /* WNLrcParser.h */ = {isa = PBXFileReference; fileEncoding = 4; lastKnownFileType = sourcecode.c.h; path = WNLrcParser.h; sourceTree = "<group>"; };
		C9C16E2E1DD1BBA800A5244A /* WNLrcParser.m */ = {isa = PBXFileReference; fileEncoding = 4; lastKnownFileType = sourcecode.c.objc; path = WNLrcParser.m; sourceTree = "<group>"; };
		F0259CCA1DCD645D00D5600C /* WNTools.app */ = {isa = PBXFileReference; explicitFileType = wrapper.application; includeInIndex = 0; path = WNTools.app; sourceTree = BUILT_PRODUCTS_DIR; };
		F0259CCE1DCD645D00D5600C /* main.m */ = {isa = PBXFileReference; lastKnownFileType = sourcecode.c.objc; path = main.m; sourceTree = "<group>"; };
		F0259CD01DCD645D00D5600C /* WNAppDelegate.h */ = {isa = PBXFileReference; lastKnownFileType = sourcecode.c.h; path = WNAppDelegate.h; sourceTree = "<group>"; };
		F0259CD11DCD645D00D5600C /* WNAppDelegate.m */ = {isa = PBXFileReference; lastKnownFileType = sourcecode.c.objc; path = WNAppDelegate.m; sourceTree = "<group>"; };
		F0259CD71DCD645D00D5600C /* Base */ = {isa = PBXFileReference; lastKnownFileType = file.storyboard; name = Base; path = Base.lproj/Main.storyboard; sourceTree = "<group>"; };
		F0259CD91DCD645D00D5600C /* Assets.xcassets */ = {isa = PBXFileReference; lastKnownFileType = folder.assetcatalog; path = Assets.xcassets; sourceTree = "<group>"; };
		F0259CDC1DCD645D00D5600C /* Base */ = {isa = PBXFileReference; lastKnownFileType = file.storyboard; name = Base; path = Base.lproj/LaunchScreen.storyboard; sourceTree = "<group>"; };
		F0259CDE1DCD645D00D5600C /* Info.plist */ = {isa = PBXFileReference; lastKnownFileType = text.plist.xml; path = Info.plist; sourceTree = "<group>"; };
		F0259CE31DCD645D00D5600C /* WNToolsTests.xctest */ = {isa = PBXFileReference; explicitFileType = wrapper.cfbundle; includeInIndex = 0; path = WNToolsTests.xctest; sourceTree = BUILT_PRODUCTS_DIR; };
		F0259CE71DCD645D00D5600C /* WNToolsTests.m */ = {isa = PBXFileReference; lastKnownFileType = sourcecode.c.objc; path = WNToolsTests.m; sourceTree = "<group>"; };
		F0259CE91DCD645D00D5600C /* Info.plist */ = {isa = PBXFileReference; lastKnownFileType = text.plist.xml; path = Info.plist; sourceTree = "<group>"; };
		F0259CEE1DCD645D00D5600C /* WNToolsUITests.xctest */ = {isa = PBXFileReference; explicitFileType = wrapper.cfbundle; includeInIndex = 0; path = WNToolsUITests.xctest; sourceTree = BUILT_PRODUCTS_DIR; };
		F0259CF21DCD645D00D5600C /* WNToolsUITests.m */ = {isa = PBXFileReference; lastKnownFileType = sourcecode.c.objc; path = WNToolsUITests.m; sourceTree = "<group>"; };
		F0259CF41DCD645D00D5600C /* Info.plist */ = {isa = PBXFileReference; lastKnownFileType = text.plist.xml; path = Info.plist; sourceTree = "<group>"; };
		F0259D021DCD659600D5600C /* WNInfoViewController.h */ = {isa = PBXFileReference; fileEncoding = 4; lastKnownFileType = sourcecode.c.h; path = WNInfoViewController.h; sourceTree = "<group>"; };
		F0259D031DCD659600D5600C /* WNInfoViewController.m */ = {isa = PBXFileReference; fileEncoding = 4; lastKnownFileType = sourcecode.c.objc; path = WNInfoViewController.m; sourceTree = "<group>"; };
		F0259D061DCD65E600D5600C /* WNServer.h */ = {isa = PBXFileReference; fileEncoding = 4; lastKnownFileType = sourcecode.c.h; path = WNServer.h; sourceTree = "<group>"; };
		F0259D091DCD677300D5600C /* PrefixHeader.pch */ = {isa = PBXFileReference; lastKnownFileType = sourcecode.c.h; path = PrefixHeader.pch; sourceTree = "<group>"; };
		F0259D0B1DCD6A4500D5600C /* WNUploadViewController.h */ = {isa = PBXFileReference; fileEncoding = 4; lastKnownFileType = sourcecode.c.h; path = WNUploadViewController.h; sourceTree = "<group>"; };
		F0259D0C1DCD6A4500D5600C /* WNUploadViewController.m */ = {isa = PBXFileReference; fileEncoding = 4; lastKnownFileType = sourcecode.c.objc; path = WNUploadViewController.m; sourceTree = "<group>"; };
		F0259D0F1DCD6A7C00D5600C /* WNMyResourceViewController.h */ = {isa = PBXFileReference; fileEncoding = 4; lastKnownFileType = sourcecode.c.h; path = WNMyResourceViewController.h; sourceTree = "<group>"; };
		F0259D101DCD6A7C00D5600C /* WNMyResourceViewController.m */ = {isa = PBXFileReference; fileEncoding = 4; lastKnownFileType = sourcecode.c.objc; path = WNMyResourceViewController.m; sourceTree = "<group>"; };
		F0259D131DCD6D8600D5600C /* WN_Style1_Button.h */ = {isa = PBXFileReference; fileEncoding = 4; lastKnownFileType = sourcecode.c.h; path = WN_Style1_Button.h; sourceTree = "<group>"; };
		F0259D141DCD6D8600D5600C /* WN_Style1_Button.m */ = {isa = PBXFileReference; fileEncoding = 4; lastKnownFileType = sourcecode.c.objc; path = WN_Style1_Button.m; sourceTree = "<group>"; };
		F0259D161DCD6DB700D5600C /* WN_Style1_TextField.h */ = {isa = PBXFileReference; fileEncoding = 4; lastKnownFileType = sourcecode.c.h; path = WN_Style1_TextField.h; sourceTree = "<group>"; };
		F0259D171DCD6DB700D5600C /* WN_Style1_TextField.m */ = {isa = PBXFileReference; fileEncoding = 4; lastKnownFileType = sourcecode.c.objc; path = WN_Style1_TextField.m; sourceTree = "<group>"; };
		F0259D1C1DCD6EB900D5600C /* WNLoginView.h */ = {isa = PBXFileReference; fileEncoding = 4; lastKnownFileType = sourcecode.c.h; path = WNLoginView.h; sourceTree = "<group>"; };
		F0259D1D1DCD6EB900D5600C /* WNLoginView.m */ = {isa = PBXFileReference; fileEncoding = 4; lastKnownFileType = sourcecode.c.objc; path = WNLoginView.m; sourceTree = "<group>"; };
		F0259D231DCD777200D5600C /* WNSizeHeader.h */ = {isa = PBXFileReference; lastKnownFileType = sourcecode.c.h; path = WNSizeHeader.h; sourceTree = "<group>"; };
		F0B02FB81DCD7EB80065F055 /* WNLoginViewController.h */ = {isa = PBXFileReference; fileEncoding = 4; lastKnownFileType = sourcecode.c.h; path = WNLoginViewController.h; sourceTree = "<group>"; };
		F0B02FB91DCD7EB80065F055 /* WNLoginViewController.m */ = {isa = PBXFileReference; fileEncoding = 4; lastKnownFileType = sourcecode.c.objc; path = WNLoginViewController.m; sourceTree = "<group>"; };
/* End PBXFileReference section */

/* Begin PBXFrameworksBuildPhase section */
		F0259CC71DCD645D00D5600C /* Frameworks */ = {
			isa = PBXFrameworksBuildPhase;
			buildActionMask = 2147483647;
			files = (
				C9C16E0F1DD1950700A5244A /* libsqlite3.tbd in Frameworks */,
			);
			runOnlyForDeploymentPostprocessing = 0;
		};
		F0259CE01DCD645D00D5600C /* Frameworks */ = {
			isa = PBXFrameworksBuildPhase;
			buildActionMask = 2147483647;
			files = (
			);
			runOnlyForDeploymentPostprocessing = 0;
		};
		F0259CEB1DCD645D00D5600C /* Frameworks */ = {
			isa = PBXFrameworksBuildPhase;
			buildActionMask = 2147483647;
			files = (
			);
			runOnlyForDeploymentPostprocessing = 0;
		};
/* End PBXFrameworksBuildPhase section */

/* Begin PBXGroup section */
		C9C16E001DD1826800A5244A /* VC */ = {
			isa = PBXGroup;
			children = (
				F0259D0F1DCD6A7C00D5600C /* WNMyResourceViewController.h */,
				F0259D101DCD6A7C00D5600C /* WNMyResourceViewController.m */,
			);
			name = VC;
			sourceTree = "<group>";
		};
		C9C16E011DD1827300A5244A /* model */ = {
			isa = PBXGroup;
			children = (
			);
			name = model;
			sourceTree = "<group>";
		};
		C9C16E021DD1828100A5244A /* View */ = {
			isa = PBXGroup;
			children = (
			);
			name = View;
			sourceTree = "<group>";
		};
		C9C16E031DD182A400A5244A /* song */ = {
			isa = PBXGroup;
			children = (
				C9C16E051DD182C700A5244A /* model */,
				C9C16E041DD182BF00A5244A /* VC */,
				C9C16E061DD182D300A5244A /* View */,
			);
			name = song;
			sourceTree = "<group>";
		};
		C9C16E041DD182BF00A5244A /* VC */ = {
			isa = PBXGroup;
			children = (
				C9C16E131DD19F6D00A5244A /* 123.mp3 */,
				C9C16E2B1DD1BAFB00A5244A /* 123.lrc */,
				C9C16E071DD1830C00A5244A /* WNSongListViewController.h */,
				C9C16E081DD1830C00A5244A /* WNSongListViewController.m */,
				C9C16E101DD1991100A5244A /* WNSongPlayerViewController.h */,
				C9C16E111DD1991100A5244A /* WNSongPlayerViewController.m */,
			);
			name = VC;
			sourceTree = "<group>";
		};
		C9C16E051DD182C700A5244A /* model */ = {
			isa = PBXGroup;
			children = (
				C9C16E2D1DD1BBA800A5244A /* WNLrcParser.h */,
				C9C16E2E1DD1BBA800A5244A /* WNLrcParser.m */,
			);
			name = model;
			sourceTree = "<group>";
		};
		C9C16E061DD182D300A5244A /* View */ = {
			isa = PBXGroup;
			children = (
			);
			name = View;
			sourceTree = "<group>";
		};
		C9C16E0D1DD1950700A5244A /* Frameworks */ = {
			isa = PBXGroup;
			children = (
				C9C16E0E1DD1950700A5244A /* libsqlite3.tbd */,
			);
			name = Frameworks;
			sourceTree = "<group>";
		};
		C9C16E151DD1A40C00A5244A /* movie */ = {
			isa = PBXGroup;
			children = (
				C9C16E181DD1A43500A5244A /* view */,
				C9C16E171DD1A42F00A5244A /* model */,
				C9C16E161DD1A42600A5244A /* VC */,
			);
			name = movie;
			sourceTree = "<group>";
		};
		C9C16E161DD1A42600A5244A /* VC */ = {
			isa = PBXGroup;
			children = (
				C9C16E191DD1A44800A5244A /* WNMovieViewController.h */,
				C9C16E1A1DD1A44800A5244A /* WNMovieViewController.m */,
				C9C16E261DD1A7FA00A5244A /* WNMovieListViewController.h */,
				C9C16E271DD1A7FA00A5244A /* WNMovieListViewController.m */,
			);
			name = VC;
			sourceTree = "<group>";
		};
		C9C16E171DD1A42F00A5244A /* model */ = {
			isa = PBXGroup;
			children = (
			);
			name = model;
			sourceTree = "<group>";
		};
		C9C16E181DD1A43500A5244A /* view */ = {
			isa = PBXGroup;
			children = (
			);
			name = view;
			sourceTree = "<group>";
		};
		C9C16E1C1DD1A45300A5244A /* novel */ = {
			isa = PBXGroup;
			children = (
				C9C16E1E1DD1A47500A5244A /* model */,
				C9C16E1F1DD1A47B00A5244A /* View */,
				C9C16E1D1DD1A47000A5244A /* VC */,
			);
			name = novel;
			sourceTree = "<group>";
		};
		C9C16E1D1DD1A47000A5244A /* VC */ = {
			isa = PBXGroup;
			children = (
				C9C16E231DD1A5A200A5244A /* WNNovelListViewController.h */,
				C9C16E241DD1A5A200A5244A /* WNNovelListViewController.m */,
				C9C16E201DD1A49800A5244A /* WNNovelViewController.h */,
				C9C16E211DD1A49800A5244A /* WNNovelViewController.m */,
			);
			name = VC;
			sourceTree = "<group>";
		};
		C9C16E1E1DD1A47500A5244A /* model */ = {
			isa = PBXGroup;
			children = (
			);
			name = model;
			sourceTree = "<group>";
		};
		C9C16E1F1DD1A47B00A5244A /* View */ = {
			isa = PBXGroup;
			children = (
			);
			name = View;
			sourceTree = "<group>";
		};
		F0259CC11DCD645D00D5600C = {
			isa = PBXGroup;
			children = (
				F0259CCC1DCD645D00D5600C /* WNTools */,
				F0259CE61DCD645D00D5600C /* WNToolsTests */,
				F0259CF11DCD645D00D5600C /* WNToolsUITests */,
				F0259CCB1DCD645D00D5600C /* Products */,
				C9C16E0D1DD1950700A5244A /* Frameworks */,
			);
			sourceTree = "<group>";
		};
		F0259CCB1DCD645D00D5600C /* Products */ = {
			isa = PBXGroup;
			children = (
				F0259CCA1DCD645D00D5600C /* WNTools.app */,
				F0259CE31DCD645D00D5600C /* WNToolsTests.xctest */,
				F0259CEE1DCD645D00D5600C /* WNToolsUITests.xctest */,
			);
			name = Products;
			sourceTree = "<group>";
		};
		F0259CCC1DCD645D00D5600C /* WNTools */ = {
			isa = PBXGroup;
			children = (
				F0259D001DCD64CC00D5600C /* appDelegate */,
				F0259D011DCD650100D5600C /* information */,
				F0259D0A1DCD6A1300D5600C /* upload */,
				F0259D0E1DCD6A5A00D5600C /* myResource */,
				F0259D051DCD65A500D5600C /* publicClass */,
				F0259D121DCD6D0B00D5600C /* publicControl */,
				C9C16E031DD182A400A5244A /* song */,
				C9C16E151DD1A40C00A5244A /* movie */,
				C9C16E1C1DD1A45300A5244A /* novel */,
				C9C16E291DD1B48300A5244A /* index.html */,
				F0259CD61DCD645D00D5600C /* Main.storyboard */,
				F0259CD91DCD645D00D5600C /* Assets.xcassets */,
				F0259CDB1DCD645D00D5600C /* LaunchScreen.storyboard */,
				F0259CDE1DCD645D00D5600C /* Info.plist */,
				F0259CCD1DCD645D00D5600C /* Supporting Files */,
			);
			path = WNTools;
			sourceTree = "<group>";
		};
		F0259CCD1DCD645D00D5600C /* Supporting Files */ = {
			isa = PBXGroup;
			children = (
				F0259CCE1DCD645D00D5600C /* main.m */,
				F0259D091DCD677300D5600C /* PrefixHeader.pch */,
			);
			name = "Supporting Files";
			sourceTree = "<group>";
		};
		F0259CE61DCD645D00D5600C /* WNToolsTests */ = {
			isa = PBXGroup;
			children = (
				F0259CE71DCD645D00D5600C /* WNToolsTests.m */,
				F0259CE91DCD645D00D5600C /* Info.plist */,
			);
			path = WNToolsTests;
			sourceTree = "<group>";
		};
		F0259CF11DCD645D00D5600C /* WNToolsUITests */ = {
			isa = PBXGroup;
			children = (
				F0259CF21DCD645D00D5600C /* WNToolsUITests.m */,
				F0259CF41DCD645D00D5600C /* Info.plist */,
			);
			path = WNToolsUITests;
			sourceTree = "<group>";
		};
		F0259D001DCD64CC00D5600C /* appDelegate */ = {
			isa = PBXGroup;
			children = (
				F0259CD01DCD645D00D5600C /* WNAppDelegate.h */,
				F0259CD11DCD645D00D5600C /* WNAppDelegate.m */,
			);
			name = appDelegate;
			sourceTree = "<group>";
		};
		F0259D011DCD650100D5600C /* information */ = {
			isa = PBXGroup;
			children = (
				F0259D211DCD722700D5600C /* model */,
				F0259D201DCD722100D5600C /* View */,
				F0259D1F1DCD721800D5600C /* VC */,
			);
			name = information;
			sourceTree = "<group>";
		};
		F0259D051DCD65A500D5600C /* publicClass */ = {
			isa = PBXGroup;
			children = (
				F0259D061DCD65E600D5600C /* WNServer.h */,
				F0259D231DCD777200D5600C /* WNSizeHeader.h */,
				C96D3DCD1DD049EE00AA7FDA /* WNHttpServer.h */,
				C96D3DCE1DD049EE00AA7FDA /* WNHttpServer.m */,
				C9C16E0A1DD1867E00A5244A /* WNDatebaseManager.h */,
				C9C16E0B1DD1867E00A5244A /* WNDatebaseManager.m */,
			);
			name = publicClass;
			sourceTree = "<group>";
		};
		F0259D0A1DCD6A1300D5600C /* upload */ = {
			isa = PBXGroup;
			children = (
				F0259D1A1DCD6E5800D5600C /* model */,
				F0259D1B1DCD6E6700D5600C /* View */,
				F0259D191DCD6E4400D5600C /* VC */,
			);
			name = upload;
			sourceTree = "<group>";
		};
		F0259D0E1DCD6A5A00D5600C /* myResource */ = {
			isa = PBXGroup;
			children = (
				C9C16E011DD1827300A5244A /* model */,
				C9C16E021DD1828100A5244A /* View */,
				C9C16E001DD1826800A5244A /* VC */,
			);
			name = myResource;
			sourceTree = "<group>";
		};
		F0259D121DCD6D0B00D5600C /* publicControl */ = {
			isa = PBXGroup;
			children = (
				F0259D131DCD6D8600D5600C /* WN_Style1_Button.h */,
				F0259D141DCD6D8600D5600C /* WN_Style1_Button.m */,
				F0259D161DCD6DB700D5600C /* WN_Style1_TextField.h */,
				F0259D171DCD6DB700D5600C /* WN_Style1_TextField.m */,
			);
			name = publicControl;
			sourceTree = "<group>";
		};
		F0259D191DCD6E4400D5600C /* VC */ = {
			isa = PBXGroup;
			children = (
				F0259D0B1DCD6A4500D5600C /* WNUploadViewController.h */,
				F0259D0C1DCD6A4500D5600C /* WNUploadViewController.m */,
				C9C16DF91DD1676A00A5244A /* WNStartUploadViewController.h */,
				C9C16DFA1DD1676A00A5244A /* WNStartUploadViewController.m */,
			);
			name = VC;
			sourceTree = "<group>";
		};
		F0259D1A1DCD6E5800D5600C /* model */ = {
			isa = PBXGroup;
			children = (
				C96D3DD01DD067B100AA7FDA /* AsyncSocket.h */,
				C96D3DD11DD067B100AA7FDA /* AsyncSocket.m */,
				C96D3DD21DD067B100AA7FDA /* AsyncUdpSocket.h */,
				C96D3DD31DD067B100AA7FDA /* AsyncUdpSocket.m */,
			);
			name = model;
			sourceTree = "<group>";
		};
		F0259D1B1DCD6E6700D5600C /* View */ = {
			isa = PBXGroup;
			children = (
			);
			name = View;
			sourceTree = "<group>";
		};
		F0259D1F1DCD721800D5600C /* VC */ = {
			isa = PBXGroup;
			children = (
				F0259D021DCD659600D5600C /* WNInfoViewController.h */,
				F0259D031DCD659600D5600C /* WNInfoViewController.m */,
				F0B02FB81DCD7EB80065F055 /* WNLoginViewController.h */,
				F0B02FB91DCD7EB80065F055 /* WNLoginViewController.m */,
			);
			name = VC;
			sourceTree = "<group>";
		};
		F0259D201DCD722100D5600C /* View */ = {
			isa = PBXGroup;
			children = (
				F0259D1C1DCD6EB900D5600C /* WNLoginView.h */,
				F0259D1D1DCD6EB900D5600C /* WNLoginView.m */,
			);
			name = View;
			sourceTree = "<group>";
		};
		F0259D211DCD722700D5600C /* model */ = {
			isa = PBXGroup;
			children = (
			);
			name = model;
			sourceTree = "<group>";
		};
/* End PBXGroup section */

/* Begin PBXNativeTarget section */
		F0259CC91DCD645D00D5600C /* WNTools */ = {
			isa = PBXNativeTarget;
			buildConfigurationList = F0259CF71DCD645D00D5600C /* Build configuration list for PBXNativeTarget "WNTools" */;
			buildPhases = (
				F0259CC61DCD645D00D5600C /* Sources */,
				F0259CC71DCD645D00D5600C /* Frameworks */,
				F0259CC81DCD645D00D5600C /* Resources */,
			);
			buildRules = (
			);
			dependencies = (
			);
			name = WNTools;
			productName = WNTools;
			productReference = F0259CCA1DCD645D00D5600C /* WNTools.app */;
			productType = "com.apple.product-type.application";
		};
		F0259CE21DCD645D00D5600C /* WNToolsTests */ = {
			isa = PBXNativeTarget;
			buildConfigurationList = F0259CFA1DCD645D00D5600C /* Build configuration list for PBXNativeTarget "WNToolsTests" */;
			buildPhases = (
				F0259CDF1DCD645D00D5600C /* Sources */,
				F0259CE01DCD645D00D5600C /* Frameworks */,
				F0259CE11DCD645D00D5600C /* Resources */,
			);
			buildRules = (
			);
			dependencies = (
				F0259CE51DCD645D00D5600C /* PBXTargetDependency */,
			);
			name = WNToolsTests;
			productName = WNToolsTests;
			productReference = F0259CE31DCD645D00D5600C /* WNToolsTests.xctest */;
			productType = "com.apple.product-type.bundle.unit-test";
		};
		F0259CED1DCD645D00D5600C /* WNToolsUITests */ = {
			isa = PBXNativeTarget;
			buildConfigurationList = F0259CFD1DCD645D00D5600C /* Build configuration list for PBXNativeTarget "WNToolsUITests" */;
			buildPhases = (
				F0259CEA1DCD645D00D5600C /* Sources */,
				F0259CEB1DCD645D00D5600C /* Frameworks */,
				F0259CEC1DCD645D00D5600C /* Resources */,
			);
			buildRules = (
			);
			dependencies = (
				F0259CF01DCD645D00D5600C /* PBXTargetDependency */,
			);
			name = WNToolsUITests;
			productName = WNToolsUITests;
			productReference = F0259CEE1DCD645D00D5600C /* WNToolsUITests.xctest */;
			productType = "com.apple.product-type.bundle.ui-testing";
		};
/* End PBXNativeTarget section */

/* Begin PBXProject section */
		F0259CC21DCD645D00D5600C /* Project object */ = {
			isa = PBXProject;
			attributes = {
				CLASSPREFIX = WN;
				LastUpgradeCheck = 0800;
				ORGANIZATIONNAME = "王楠";
				TargetAttributes = {
					F0259CC91DCD645D00D5600C = {
						CreatedOnToolsVersion = 8.0;
						DevelopmentTeam = 2LLR85JHQ3;
						ProvisioningStyle = Automatic;
					};
					F0259CE21DCD645D00D5600C = {
						CreatedOnToolsVersion = 8.0;
						ProvisioningStyle = Automatic;
						TestTargetID = F0259CC91DCD645D00D5600C;
					};
					F0259CED1DCD645D00D5600C = {
						CreatedOnToolsVersion = 8.0;
						ProvisioningStyle = Automatic;
						TestTargetID = F0259CC91DCD645D00D5600C;
					};
				};
			};
			buildConfigurationList = F0259CC51DCD645D00D5600C /* Build configuration list for PBXProject "WNTools" */;
			compatibilityVersion = "Xcode 3.2";
			developmentRegion = English;
			hasScannedForEncodings = 0;
			knownRegions = (
				en,
				Base,
			);
			mainGroup = F0259CC11DCD645D00D5600C;
			productRefGroup = F0259CCB1DCD645D00D5600C /* Products */;
			projectDirPath = "";
			projectRoot = "";
			targets = (
				F0259CC91DCD645D00D5600C /* WNTools */,
				F0259CE21DCD645D00D5600C /* WNToolsTests */,
				F0259CED1DCD645D00D5600C /* WNToolsUITests */,
			);
		};
/* End PBXProject section */

/* Begin PBXResourcesBuildPhase section */
		F0259CC81DCD645D00D5600C /* Resources */ = {
			isa = PBXResourcesBuildPhase;
			buildActionMask = 2147483647;
			files = (
				C9C16E2A1DD1B48300A5244A /* index.html in Resources */,
				F0259CDD1DCD645D00D5600C /* LaunchScreen.storyboard in Resources */,
				C9C16E2C1DD1BAFB00A5244A /* 123.lrc in Resources */,
				F0259CDA1DCD645D00D5600C /* Assets.xcassets in Resources */,
				F0259CD81DCD645D00D5600C /* Main.storyboard in Resources */,
				C9C16E141DD19F6D00A5244A /* 123.mp3 in Resources */,
			);
			runOnlyForDeploymentPostprocessing = 0;
		};
		F0259CE11DCD645D00D5600C /* Resources */ = {
			isa = PBXResourcesBuildPhase;
			buildActionMask = 2147483647;
			files = (
			);
			runOnlyForDeploymentPostprocessing = 0;
		};
		F0259CEC1DCD645D00D5600C /* Resources */ = {
			isa = PBXResourcesBuildPhase;
			buildActionMask = 2147483647;
			files = (
			);
			runOnlyForDeploymentPostprocessing = 0;
		};
/* End PBXResourcesBuildPhase section */

/* Begin PBXSourcesBuildPhase section */
		F0259CC61DCD645D00D5600C /* Sources */ = {
			isa = PBXSourcesBuildPhase;
			buildActionMask = 2147483647;
			files = (
				F0259D151DCD6D8600D5600C /* WN_Style1_Button.m in Sources */,
				C9C16E251DD1A5A200A5244A /* WNNovelListViewController.m in Sources */,
				C9C16DFB1DD1676A00A5244A /* WNStartUploadViewController.m in Sources */,
				F0B02FBA1DCD7EB80065F055 /* WNLoginViewController.m in Sources */,
				F0259D1E1DCD6EB900D5600C /* WNLoginView.m in Sources */,
				C9C16E0C1DD1867E00A5244A /* WNDatebaseManager.m in Sources */,
				C96D3DD51DD067B100AA7FDA /* AsyncUdpSocket.m in Sources */,
				F0259D0D1DCD6A4500D5600C /* WNUploadViewController.m in Sources */,
				F0259CD21DCD645D00D5600C /* WNAppDelegate.m in Sources */,
				F0259D041DCD659600D5600C /* WNInfoViewController.m in Sources */,
				F0259CCF1DCD645D00D5600C /* main.m in Sources */,
				C96D3DD41DD067B100AA7FDA /* AsyncSocket.m in Sources */,
				C9C16E091DD1830C00A5244A /* WNSongListViewController.m in Sources */,
				C9C16E221DD1A49800A5244A /* WNNovelViewController.m in Sources */,
				C9C16E2F1DD1BBA800A5244A /* WNLrcParser.m in Sources */,
				C9C16E281DD1A7FA00A5244A /* WNMovieListViewController.m in Sources */,
				F0259D181DCD6DB700D5600C /* WN_Style1_TextField.m in Sources */,
				F0259D111DCD6A7C00D5600C /* WNMyResourceViewController.m in Sources */,
				C9C16E1B1DD1A44800A5244A /* WNMovieViewController.m in Sources */,
				C96D3DCF1DD049EE00AA7FDA /* WNHttpServer.m in Sources */,
				C9C16E121DD1991100A5244A /* WNSongPlayerViewController.m in Sources */,
			);
			runOnlyForDeploymentPostprocessing = 0;
		};
		F0259CDF1DCD645D00D5600C /* Sources */ = {
			isa = PBXSourcesBuildPhase;
			buildActionMask = 2147483647;
			files = (
				F0259CE81DCD645D00D5600C /* WNToolsTests.m in Sources */,
			);
			runOnlyForDeploymentPostprocessing = 0;
		};
		F0259CEA1DCD645D00D5600C /* Sources */ = {
			isa = PBXSourcesBuildPhase;
			buildActionMask = 2147483647;
			files = (
				F0259CF31DCD645D00D5600C /* WNToolsUITests.m in Sources */,
			);
			runOnlyForDeploymentPostprocessing = 0;
		};
/* End PBXSourcesBuildPhase section */

/* Begin PBXTargetDependency section */
		F0259CE51DCD645D00D5600C /* PBXTargetDependency */ = {
			isa = PBXTargetDependency;
			target = F0259CC91DCD645D00D5600C /* WNTools */;
			targetProxy = F0259CE41DCD645D00D5600C /* PBXContainerItemProxy */;
		};
		F0259CF01DCD645D00D5600C /* PBXTargetDependency */ = {
			isa = PBXTargetDependency;
			target = F0259CC91DCD645D00D5600C /* WNTools */;
			targetProxy = F0259CEF1DCD645D00D5600C /* PBXContainerItemProxy */;
		};
/* End PBXTargetDependency section */

/* Begin PBXVariantGroup section */
		F0259CD61DCD645D00D5600C /* Main.storyboard */ = {
			isa = PBXVariantGroup;
			children = (
				F0259CD71DCD645D00D5600C /* Base */,
			);
			name = Main.storyboard;
			sourceTree = "<group>";
		};
		F0259CDB1DCD645D00D5600C /* LaunchScreen.storyboard */ = {
			isa = PBXVariantGroup;
			children = (
				F0259CDC1DCD645D00D5600C /* Base */,
			);
			name = LaunchScreen.storyboard;
			sourceTree = "<group>";
		};
/* End PBXVariantGroup section */

/* Begin XCBuildConfiguration section */
		F0259CF51DCD645D00D5600C /* Debug */ = {
			isa = XCBuildConfiguration;
			buildSettings = {
				ALWAYS_SEARCH_USER_PATHS = NO;
				CLANG_ANALYZER_NONNULL = YES;
				CLANG_CXX_LANGUAGE_STANDARD = "gnu++0x";
				CLANG_CXX_LIBRARY = "libc++";
				CLANG_ENABLE_MODULES = YES;
				CLANG_ENABLE_OBJC_ARC = YES;
				CLANG_WARN_BOOL_CONVERSION = YES;
				CLANG_WARN_CONSTANT_CONVERSION = YES;
				CLANG_WARN_DIRECT_OBJC_ISA_USAGE = YES_ERROR;
				CLANG_WARN_DOCUMENTATION_COMMENTS = YES;
				CLANG_WARN_EMPTY_BODY = YES;
				CLANG_WARN_ENUM_CONVERSION = YES;
				CLANG_WARN_INFINITE_RECURSION = YES;
				CLANG_WARN_INT_CONVERSION = YES;
				CLANG_WARN_OBJC_ROOT_CLASS = YES_ERROR;
				CLANG_WARN_SUSPICIOUS_MOVES = YES;
				CLANG_WARN_UNREACHABLE_CODE = YES;
				CLANG_WARN__DUPLICATE_METHOD_MATCH = YES;
				"CODE_SIGN_IDENTITY[sdk=iphoneos*]" = "iPhone Developer";
				COPY_PHASE_STRIP = NO;
				DEBUG_INFORMATION_FORMAT = dwarf;
				ENABLE_STRICT_OBJC_MSGSEND = YES;
				ENABLE_TESTABILITY = YES;
				GCC_C_LANGUAGE_STANDARD = gnu99;
				GCC_DYNAMIC_NO_PIC = NO;
				GCC_NO_COMMON_BLOCKS = YES;
				GCC_OPTIMIZATION_LEVEL = 0;
				GCC_PREPROCESSOR_DEFINITIONS = (
					"DEBUG=1",
					"$(inherited)",
				);
				GCC_WARN_64_TO_32_BIT_CONVERSION = YES;
				GCC_WARN_ABOUT_RETURN_TYPE = YES_ERROR;
				GCC_WARN_UNDECLARED_SELECTOR = YES;
				GCC_WARN_UNINITIALIZED_AUTOS = YES_AGGRESSIVE;
				GCC_WARN_UNUSED_FUNCTION = YES;
				GCC_WARN_UNUSED_VARIABLE = YES;
				IPHONEOS_DEPLOYMENT_TARGET = 10.0;
				MTL_ENABLE_DEBUG_INFO = YES;
				ONLY_ACTIVE_ARCH = YES;
				SDKROOT = iphoneos;
			};
			name = Debug;
		};
		F0259CF61DCD645D00D5600C /* Release */ = {
			isa = XCBuildConfiguration;
			buildSettings = {
				ALWAYS_SEARCH_USER_PATHS = NO;
				CLANG_ANALYZER_NONNULL = YES;
				CLANG_CXX_LANGUAGE_STANDARD = "gnu++0x";
				CLANG_CXX_LIBRARY = "libc++";
				CLANG_ENABLE_MODULES = YES;
				CLANG_ENABLE_OBJC_ARC = YES;
				CLANG_WARN_BOOL_CONVERSION = YES;
				CLANG_WARN_CONSTANT_CONVERSION = YES;
				CLANG_WARN_DIRECT_OBJC_ISA_USAGE = YES_ERROR;
				CLANG_WARN_DOCUMENTATION_COMMENTS = YES;
				CLANG_WARN_EMPTY_BODY = YES;
				CLANG_WARN_ENUM_CONVERSION = YES;
				CLANG_WARN_INFINITE_RECURSION = YES;
				CLANG_WARN_INT_CONVERSION = YES;
				CLANG_WARN_OBJC_ROOT_CLASS = YES_ERROR;
				CLANG_WARN_SUSPICIOUS_MOVES = YES;
				CLANG_WARN_UNREACHABLE_CODE = YES;
				CLANG_WARN__DUPLICATE_METHOD_MATCH = YES;
				"CODE_SIGN_IDENTITY[sdk=iphoneos*]" = "iPhone Developer";
				COPY_PHASE_STRIP = NO;
				DEBUG_INFORMATION_FORMAT = "dwarf-with-dsym";
				ENABLE_NS_ASSERTIONS = NO;
				ENABLE_STRICT_OBJC_MSGSEND = YES;
				GCC_C_LANGUAGE_STANDARD = gnu99;
				GCC_NO_COMMON_BLOCKS = YES;
				GCC_WARN_64_TO_32_BIT_CONVERSION = YES;
				GCC_WARN_ABOUT_RETURN_TYPE = YES_ERROR;
				GCC_WARN_UNDECLARED_SELECTOR = YES;
				GCC_WARN_UNINITIALIZED_AUTOS = YES_AGGRESSIVE;
				GCC_WARN_UNUSED_FUNCTION = YES;
				GCC_WARN_UNUSED_VARIABLE = YES;
				IPHONEOS_DEPLOYMENT_TARGET = 10.0;
				MTL_ENABLE_DEBUG_INFO = NO;
				SDKROOT = iphoneos;
				VALIDATE_PRODUCT = YES;
			};
			name = Release;
		};
		F0259CF81DCD645D00D5600C /* Debug */ = {
			isa = XCBuildConfiguration;
			buildSettings = {
				ASSETCATALOG_COMPILER_APPICON_NAME = AppIcon;
				DEVELOPMENT_TEAM = 2LLR85JHQ3;
				GCC_PRECOMPILE_PREFIX_HEADER = YES;
				GCC_PREFIX_HEADER = "$(SRCROOT)/WNTools/PrefixHeader.pch";
				INFOPLIST_FILE = WNTools/Info.plist;
				LD_RUNPATH_SEARCH_PATHS = "$(inherited) @executable_path/Frameworks";
				PRODUCT_BUNDLE_IDENTIFIER = "com.Angel.-arc-mvvm.WNTools";
				PRODUCT_NAME = "$(TARGET_NAME)";
			};
			name = Debug;
		};
		F0259CF91DCD645D00D5600C /* Release */ = {
			isa = XCBuildConfiguration;
			buildSettings = {
				ASSETCATALOG_COMPILER_APPICON_NAME = AppIcon;
				DEVELOPMENT_TEAM = 2LLR85JHQ3;
				GCC_PRECOMPILE_PREFIX_HEADER = YES;
				GCC_PREFIX_HEADER = "$(SRCROOT)/WNTools/PrefixHeader.pch";
				INFOPLIST_FILE = WNTools/Info.plist;
				LD_RUNPATH_SEARCH_PATHS = "$(inherited) @executable_path/Frameworks";
				PRODUCT_BUNDLE_IDENTIFIER = "com.Angel.-arc-mvvm.WNTools";
				PRODUCT_NAME = "$(TARGET_NAME)";
			};
			name = Release;
		};
		F0259CFB1DCD645D00D5600C /* Debug */ = {
			isa = XCBuildConfiguration;
			buildSettings = {
				BUNDLE_LOADER = "$(TEST_HOST)";
				INFOPLIST_FILE = WNToolsTests/Info.plist;
				LD_RUNPATH_SEARCH_PATHS = "$(inherited) @executable_path/Frameworks @loader_path/Frameworks";
				PRODUCT_BUNDLE_IDENTIFIER = "com.Angel.-arc-mvvm.WNToolsTests";
				PRODUCT_NAME = "$(TARGET_NAME)";
				TEST_HOST = "$(BUILT_PRODUCTS_DIR)/WNTools.app/WNTools";
			};
			name = Debug;
		};
		F0259CFC1DCD645D00D5600C /* Release */ = {
			isa = XCBuildConfiguration;
			buildSettings = {
				BUNDLE_LOADER = "$(TEST_HOST)";
				INFOPLIST_FILE = WNToolsTests/Info.plist;
				LD_RUNPATH_SEARCH_PATHS = "$(inherited) @executable_path/Frameworks @loader_path/Frameworks";
				PRODUCT_BUNDLE_IDENTIFIER = "com.Angel.-arc-mvvm.WNToolsTests";
				PRODUCT_NAME = "$(TARGET_NAME)";
				TEST_HOST = "$(BUILT_PRODUCTS_DIR)/WNTools.app/WNTools";
			};
			name = Release;
		};
		F0259CFE1DCD645D00D5600C /* Debug */ = {
			isa = XCBuildConfiguration;
			buildSettings = {
				INFOPLIST_FILE = WNToolsUITests/Info.plist;
				LD_RUNPATH_SEARCH_PATHS = "$(inherited) @executable_path/Frameworks @loader_path/Frameworks";
				PRODUCT_BUNDLE_IDENTIFIER = "com.Angel.-arc-mvvm.WNToolsUITests";
				PRODUCT_NAME = "$(TARGET_NAME)";
				TEST_TARGET_NAME = WNTools;
			};
			name = Debug;
		};
		F0259CFF1DCD645D00D5600C /* Release */ = {
			isa = XCBuildConfiguration;
			buildSettings = {
				INFOPLIST_FILE = WNToolsUITests/Info.plist;
				LD_RUNPATH_SEARCH_PATHS = "$(inherited) @executable_path/Frameworks @loader_path/Frameworks";
				PRODUCT_BUNDLE_IDENTIFIER = "com.Angel.-arc-mvvm.WNToolsUITests";
				PRODUCT_NAME = "$(TARGET_NAME)";
				TEST_TARGET_NAME = WNTools;
			};
			name = Release;
		};
/* End XCBuildConfiguration section */

/* Begin XCConfigurationList section */
		F0259CC51DCD645D00D5600C /* Build configuration list for PBXProject "WNTools" */ = {
			isa = XCConfigurationList;
			buildConfigurations = (
				F0259CF51DCD645D00D5600C /* Debug */,
				F0259CF61DCD645D00D5600C /* Release */,
			);
			defaultConfigurationIsVisible = 0;
			defaultConfigurationName = Release;
		};
		F0259CF71DCD645D00D5600C /* Build configuration list for PBXNativeTarget "WNTools" */ = {
			isa = XCConfigurationList;
			buildConfigurations = (
				F0259CF81DCD645D00D5600C /* Debug */,
				F0259CF91DCD645D00D5600C /* Release */,
			);
			defaultConfigurationIsVisible = 0;
			defaultConfigurationName = Release;
		};
		F0259CFA1DCD645D00D5600C /* Build configuration list for PBXNativeTarget "WNToolsTests" */ = {
			isa = XCConfigurationList;
			buildConfigurations = (
				F0259CFB1DCD645D00D5600C /* Debug */,
				F0259CFC1DCD645D00D5600C /* Release */,
			);
			defaultConfigurationIsVisible = 0;
			defaultConfigurationName = Release;
		};
		F0259CFD1DCD645D00D5600C /* Build configuration list for PBXNativeTarget "WNToolsUITests" */ = {
			isa = XCConfigurationList;
			buildConfigurations = (
				F0259CFE1DCD645D00D5600C /* Debug */,
				F0259CFF1DCD645D00D5600C /* Release */,
			);
			defaultConfigurationIsVisible = 0;
			defaultConfigurationName = Release;
		};
/* End XCConfigurationList section */
	};
	rootObject = F0259CC21DCD645D00D5600C /* Project object */;
}
